{"version":4,"terraform_version":"1.9.0","serial":8,"lineage":"a084c700-35b5-9808-c037-e7dc67f373c3","outputs":{},"resources":[{"module":"module.default","mode":"managed","type":"incus_project","name":"default","provider":"provider[\"registry.opentofu.org/lxc/incus\"]","instances":[{"schema_version":0,"attributes":{"config":{"features.images":"true","features.networks":"true","features.networks.zones":"true","features.profiles":"true","features.storage.buckets":"true","features.storage.volumes":"true"},"description":"Default Incus project","name":"default","remote":null},"sensitive_attributes":[]}]},{"module":"module.default.module.system_containers","mode":"managed","type":"incus_instance","name":"dns_home","provider":"provider[\"registry.opentofu.org/lxc/incus\"]","instances":[{"schema_version":0,"attributes":{"config":{"boot.autostart":"true","cloud-init.user-data":"#cloud-config\ngroups:\n  - admingroup: [root, sys]\n\nusers:\n  - name: dns-home\n    gecos: DNS Linux System Container\n    shell: /bin/bash\n    homedir: /home/dns-home\n    sudo: ALL=(ALL) NOPASSWD:ALL\n    groups: users\n    lock_passwd: false\n    ssh_authorized_keys:\n      - ssh-ed25519 AAAAC3NzaC1lZDI1NTE5AAAAIK4rK1/vd8pxuk5del7oQzIg5ZGquejzZ8Eu5CwMFN41 mateoestradaramirez@outlook.com\n    passwd: $2b$05$b4A5m5MpFPG0aN5nG1Rtd.mKw1JsBrBaaSd9UvFNtBDiA6gYD/EXa\n  - name: ansible\n    gecos: Ansible Automation Account\n    shell: /bin/bash\n    homedir: /home/ansible\n    sudo: ALL=(ALL) NOPASSWD:ALL\n    groups: users, sys\n    lock_passwd: false\n    ssh_authorized_keys:\n      - ssh-ed25519 AAAAC3NzaC1lZDI1NTE5AAAAIK4rK1/vd8pxuk5del7oQzIg5ZGquejzZ8Eu5CwMFN41 mateoestradaramirez@outlook.com\n    passwd: $y$j9T$W5URNPaERGGWpLrz40I100$9ekfQDOCpy8fFDT2Q5vv0f24etod8CaqRcOo63TImc0\nssh_pwauth: False\npackages:\n  - podman\n  - openssh-server\n  - acl\n  - curl\ntimezone: America/Bogota\nwrite_files:\n  - path: /etc/ssh/sshd_config\n    permissions: \"0600\"\n    content: |\n      Port 22\n      ListenAddress 0.0.0.0\n      PermitRootLogin no\n      PasswordAuthentication no\n      ChallengeResponseAuthentication no\n      UsePAM yes\n      X11Forwarding no\n      PrintMotd no\n      Subsystem\tsftp\t/usr/lib/openssh/sftp-server\n","limits.cpu":"1","limits.memory":"250MiB","limits.memory.swap":"true","limits.memory.swap.priority":"0","security.nesting":"true"},"description":"","device":[{"name":"data","properties":{"path":"/home","pool":"virt-main","source":"dns-home-data"},"type":"disk"},{"name":"eth0","properties":{"ipv4.address":"10.0.254.2","network":"trusted"},"type":"nic"},{"name":"root","properties":{"path":"/","pool":"virt-main","size":"2GiB"},"type":"disk"}],"ephemeral":false,"file":[],"image":"images:debian/trixie/cloud","ipv4_address":"10.0.254.2","ipv6_address":"fd42:6c18:54bc:2b4c:1266:6aff:fe94:d2d","mac_address":"10:66:6a:94:0d:2d","name":"dns-home","profiles":["default"],"project":null,"remote":null,"running":true,"source_file":null,"source_instance":null,"status":"Running","target":"","type":"container","wait_for":[]},"sensitive_attributes":[],"dependencies":["module.default.module.system_containers.incus_storage_volume.dns_home_data","module.networks.incus_network.trusted","module.storage_pools.incus_storage_pool.virt_main"]}]},{"module":"module.default.module.system_containers","mode":"managed","type":"incus_instance","name":"dns_vpn","provider":"provider[\"registry.opentofu.org/lxc/incus\"]","instances":[{"schema_version":0,"attributes":{"config":{"boot.autostart":"true","cloud-init.user-data":"#cloud-config\ngroups:\n  - admingroup: [root, sys]\n\nusers:\n  - name: dns-vpn\n    gecos: DNS Linux System Container\n    shell: /bin/bash\n    homedir: /home/dns-vpn\n    sudo: ALL=(ALL) NOPASSWD:ALL\n    groups: users\n    lock_passwd: false\n    ssh_authorized_keys:\n      - ssh-ed25519 AAAAC3NzaC1lZDI1NTE5AAAAIK4rK1/vd8pxuk5del7oQzIg5ZGquejzZ8Eu5CwMFN41 mateoestradaramirez@outlook.com\n    passwd: $2b$05$b4A5m5MpFPG0aN5nG1Rtd.mKw1JsBrBaaSd9UvFNtBDiA6gYD/EXa\n  - name: ansible\n    gecos: Ansible Automation Account\n    shell: /bin/bash\n    homedir: /home/ansible\n    sudo: ALL=(ALL) NOPASSWD:ALL\n    groups: users, sys\n    lock_passwd: false\n    ssh_authorized_keys:\n      - ssh-ed25519 AAAAC3NzaC1lZDI1NTE5AAAAIK4rK1/vd8pxuk5del7oQzIg5ZGquejzZ8Eu5CwMFN41 mateoestradaramirez@outlook.com\n    passwd: $y$j9T$W5URNPaERGGWpLrz40I100$9ekfQDOCpy8fFDT2Q5vv0f24etod8CaqRcOo63TImc0\nssh_pwauth: False\npackages:\n  - podman\n  - openssh-server\n  - acl\n  - curl\ntimezone: America/Bogota\nwrite_files:\n  - path: /etc/ssh/sshd_config\n    permissions: \"0600\"\n    content: |\n      Port 22\n      ListenAddress 0.0.0.0\n      PermitRootLogin no\n      PasswordAuthentication no\n      ChallengeResponseAuthentication no\n      UsePAM yes\n      X11Forwarding no\n      PrintMotd no\n      Subsystem\tsftp\t/usr/lib/openssh/sftp-server\n","limits.cpu":"1","limits.memory":"250MiB","limits.memory.swap":"true","limits.memory.swap.priority":"0","security.nesting":"true"},"description":"","device":[{"name":"data","properties":{"path":"/home","pool":"virt-main","source":"dns-vpn-data"},"type":"disk"},{"name":"eth0","properties":{"ipv4.address":"10.0.254.5","network":"trusted"},"type":"nic"},{"name":"root","properties":{"path":"/","pool":"virt-main","size":"2GiB"},"type":"disk"}],"ephemeral":false,"file":[],"image":"images:debian/trixie/cloud","ipv4_address":"10.0.254.5","ipv6_address":"fd42:6c18:54bc:2b4c:1266:6aff:fe2b:f916","mac_address":"10:66:6a:2b:f9:16","name":"dns-vpn","profiles":["default"],"project":null,"remote":null,"running":true,"source_file":null,"source_instance":null,"status":"Running","target":"","type":"container","wait_for":[]},"sensitive_attributes":[],"dependencies":["module.default.module.system_containers.incus_storage_volume.dns_vpn_data","module.networks.incus_network.trusted","module.storage_pools.incus_storage_pool.virt_main"]}]},{"module":"module.default.module.system_containers","mode":"managed","type":"incus_instance","name":"password_manager","provider":"provider[\"registry.opentofu.org/lxc/incus\"]","instances":[{"schema_version":0,"attributes":{"config":{"boot.autostart":"true","cloud-init.user-data":"#cloud-config\ngroups:\n  - admingroup: [root, sys]\n\nusers:\n  - name: password-manager\n    gecos: Password Manager Linux System Container\n    shell: /bin/bash\n    homedir: /home/password-manager\n    sudo: ALL=(ALL) NOPASSWD:ALL\n    groups: users\n    lock_passwd: false\n    ssh_authorized_keys:\n      - ssh-ed25519 AAAAC3NzaC1lZDI1NTE5AAAAIK4rK1/vd8pxuk5del7oQzIg5ZGquejzZ8Eu5CwMFN41 mateoestradaramirez@outlook.com\n    passwd: $2b$05$b4A5m5MpFPG0aN5nG1Rtd.mKw1JsBrBaaSd9UvFNtBDiA6gYD/EXa\n  - name: ansible\n    gecos: Ansible Automation Account\n    shell: /bin/bash\n    homedir: /home/ansible\n    sudo: ALL=(ALL) NOPASSWD:ALL\n    groups: users, sys\n    lock_passwd: false\n    ssh_authorized_keys:\n      - ssh-ed25519 AAAAC3NzaC1lZDI1NTE5AAAAIK4rK1/vd8pxuk5del7oQzIg5ZGquejzZ8Eu5CwMFN41 mateoestradaramirez@outlook.com\n    passwd: $y$j9T$W5URNPaERGGWpLrz40I100$9ekfQDOCpy8fFDT2Q5vv0f24etod8CaqRcOo63TImc0\nssh_pwauth: False\npackages:\n  - podman\n  - openssh-server\n  - acl\n  - curl\ntimezone: America/Bogota\nwrite_files:\n  - path: /etc/ssh/sshd_config\n    permissions: \"0600\"\n    content: |\n      Port 22\n      ListenAddress 0.0.0.0\n      PermitRootLogin no\n      PasswordAuthentication no\n      ChallengeResponseAuthentication no\n      UsePAM yes\n      X11Forwarding no\n      PrintMotd no\n      Subsystem\tsftp\t/usr/lib/openssh/sftp-server\n","limits.cpu":"1","limits.cpu.allowance":"10%","limits.memory":"150MiB","limits.memory.swap":"true","limits.memory.swap.priority":"0","security.nesting":"true"},"description":"","device":[{"name":"data","properties":{"path":"/home","pool":"virt-main","source":"password-manager-data"},"type":"disk"},{"name":"eth0","properties":{"ipv4.address":"10.0.254.4","network":"trusted"},"type":"nic"},{"name":"root","properties":{"path":"/","pool":"virt-main","size":"2GiB"},"type":"disk"}],"ephemeral":false,"file":[],"image":"images:debian/trixie/cloud","ipv4_address":"10.0.254.4","ipv6_address":"fd42:6c18:54bc:2b4c:1266:6aff:fe0f:e4fe","mac_address":"10:66:6a:0f:e4:fe","name":"password-manager","profiles":["default"],"project":null,"remote":null,"running":true,"source_file":null,"source_instance":null,"status":"Running","target":"","type":"container","wait_for":[]},"sensitive_attributes":[],"dependencies":["module.default.module.system_containers.incus_storage_volume.password_manager_data","module.networks.incus_network.trusted","module.storage_pools.incus_storage_pool.virt_main"]}]},{"module":"module.default.module.system_containers","mode":"managed","type":"incus_instance","name":"vpn","provider":"provider[\"registry.opentofu.org/lxc/incus\"]","instances":[{"schema_version":0,"attributes":{"config":{"boot.autostart":"true","cloud-init.user-data":"#cloud-config\ngroups:\n  - admingroup: [root, sys]\n\nusers:\n  - name: vpn\n    gecos: VPN Linux System Container\n    shell: /bin/bash\n    homedir: /home/vpn\n    sudo: ALL=(ALL) NOPASSWD:ALL\n    groups: users\n    lock_passwd: false\n    ssh_authorized_keys:\n      - ssh-ed25519 AAAAC3NzaC1lZDI1NTE5AAAAIK4rK1/vd8pxuk5del7oQzIg5ZGquejzZ8Eu5CwMFN41 mateoestradaramirez@outlook.com\n    passwd: $2b$05$b4A5m5MpFPG0aN5nG1Rtd.mKw1JsBrBaaSd9UvFNtBDiA6gYD/EXa\n  - name: ansible\n    gecos: Ansible Automation Account\n    shell: /bin/bash\n    homedir: /home/ansible\n    sudo: ALL=(ALL) NOPASSWD:ALL\n    groups: users, sys\n    lock_passwd: false\n    ssh_authorized_keys:\n      - ssh-ed25519 AAAAC3NzaC1lZDI1NTE5AAAAIK4rK1/vd8pxuk5del7oQzIg5ZGquejzZ8Eu5CwMFN41 mateoestradaramirez@outlook.com\n    passwd: $y$j9T$W5URNPaERGGWpLrz40I100$9ekfQDOCpy8fFDT2Q5vv0f24etod8CaqRcOo63TImc0\nssh_pwauth: False\npackages:\n  - podman\n  - openssh-server\n  - acl\n  - curl\ntimezone: America/Bogota\nwrite_files:\n  - path: /etc/ssh/sshd_config\n    permissions: \"0600\"\n    content: |\n      Port 22\n      ListenAddress 0.0.0.0\n      PermitRootLogin no\n      PasswordAuthentication no\n      ChallengeResponseAuthentication no\n      UsePAM yes\n      X11Forwarding no\n      PrintMotd no\n      Subsystem\tsftp\t/usr/lib/openssh/sftp-server\n","limits.cpu":"1","limits.cpu.allowance":"10%","limits.memory":"150MiB","limits.memory.swap":"true","limits.memory.swap.priority":"0","security.nesting":"true"},"description":"","device":[{"name":"data","properties":{"path":"/home","pool":"virt-main","source":"vpn-data"},"type":"disk"},{"name":"eth0","properties":{"ipv4.address":"10.0.254.3","network":"trusted"},"type":"nic"},{"name":"root","properties":{"path":"/","pool":"virt-main","size":"2GiB"},"type":"disk"}],"ephemeral":false,"file":[],"image":"images:debian/trixie/cloud","ipv4_address":"10.0.254.3","ipv6_address":"fd42:6c18:54bc:2b4c:1266:6aff:fea6:f0c3","mac_address":"10:66:6a:a6:f0:c3","name":"vpn","profiles":["default"],"project":null,"remote":null,"running":true,"source_file":null,"source_instance":null,"status":"Running","target":"","type":"container","wait_for":[]},"sensitive_attributes":[],"dependencies":["module.default.module.system_containers.incus_storage_volume.vpn_data","module.networks.incus_network.trusted","module.storage_pools.incus_storage_pool.virt_main"]}]},{"module":"module.default.module.system_containers","mode":"managed","type":"incus_storage_volume","name":"dns_home_data","provider":"provider[\"registry.opentofu.org/lxc/incus\"]","instances":[{"schema_version":0,"attributes":{"config":{"size":"1GiB"},"content_type":"filesystem","description":"","location":"none","name":"dns-home-data","pool":"virt-main","project":"default","remote":null,"source_file":null,"source_volume":null,"target":"","type":"custom"},"sensitive_attributes":[],"dependencies":["module.storage_pools.incus_storage_pool.virt_main"]}]},{"module":"module.default.module.system_containers","mode":"managed","type":"incus_storage_volume","name":"dns_vpn_data","provider":"provider[\"registry.opentofu.org/lxc/incus\"]","instances":[{"schema_version":0,"attributes":{"config":{"size":"1GiB"},"content_type":"filesystem","description":"","location":"none","name":"dns-vpn-data","pool":"virt-main","project":"default","remote":null,"source_file":null,"source_volume":null,"target":"","type":"custom"},"sensitive_attributes":[],"dependencies":["module.storage_pools.incus_storage_pool.virt_main"]}]},{"module":"module.default.module.system_containers","mode":"managed","type":"incus_storage_volume","name":"password_manager_data","provider":"provider[\"registry.opentofu.org/lxc/incus\"]","instances":[{"schema_version":0,"attributes":{"config":{"size":"5GiB"},"content_type":"filesystem","description":"","location":"none","name":"password-manager-data","pool":"virt-main","project":"default","remote":null,"source_file":null,"source_volume":null,"target":"","type":"custom"},"sensitive_attributes":[],"dependencies":["module.storage_pools.incus_storage_pool.virt_main"]}]},{"module":"module.default.module.system_containers","mode":"managed","type":"incus_storage_volume","name":"vpn_data","provider":"provider[\"registry.opentofu.org/lxc/incus\"]","instances":[{"schema_version":0,"attributes":{"config":{"size":"1GiB"},"content_type":"filesystem","description":"","location":"none","name":"vpn-data","pool":"virt-main","project":"default","remote":null,"source_file":null,"source_volume":null,"target":"","type":"custom"},"sensitive_attributes":[],"dependencies":["module.storage_pools.incus_storage_pool.virt_main"]}]},{"module":"module.networks","mode":"managed","type":"incus_network","name":"trusted","provider":"provider[\"registry.opentofu.org/lxc/incus\"]","instances":[{"schema_version":0,"attributes":{"config":{"ipv4.address":"10.0.254.1/24","ipv4.nat":"true"},"description":"","managed":true,"name":"trusted","project":null,"remote":null,"target":null,"type":"bridge"},"sensitive_attributes":[]}]},{"module":"module.storage_pools","mode":"managed","type":"incus_storage_pool","name":"virt_main","provider":"provider[\"registry.opentofu.org/lxc/incus\"]","instances":[{"schema_version":0,"attributes":{"config":{},"description":"","driver":"dir","name":"virt-main","project":null,"remote":null,"target":null},"sensitive_attributes":[]}]}],"check_results":null}
