{"version":4,"terraform_version":"1.9.0","serial":23,"lineage":"9fced42f-c807-d317-eba1-7d021402af1e","outputs":{},"resources":[{"mode":"managed","type":"incus_instance","name":"code","provider":"provider[\"registry.opentofu.org/lxc/incus\"]","instances":[{"schema_version":0,"attributes":{"config":{"boot.autostart":"true","limits.cpu":"1","limits.memory":"2GiB"},"description":"","device":[{"name":"data","properties":{"path":"/var/data/","pool":"high_io","source":"code_data"},"type":"disk"},{"name":"eth0","properties":{"nictype":"bridged","parent":"code"},"type":"nic"}],"ephemeral":false,"file":[],"image":"images:almalinux/9/cloud","ipv4_address":"10.0.7.124","ipv6_address":"fd42:eea0:8bed:2969:216:3eff:fe95:aab7","mac_address":"00:16:3e:95:aa:b7","name":"code","profiles":["default"],"project":null,"remote":null,"running":true,"source_instance":null,"status":"Running","target":"","type":"container","wait_for_network":true},"sensitive_attributes":[],"dependencies":["incus_network.code","incus_storage_pool.high_io","incus_storage_volume.code_data"]}]},{"mode":"managed","type":"incus_network","name":"code","provider":"provider[\"registry.opentofu.org/lxc/incus\"]","instances":[{"schema_version":0,"attributes":{"config":{"bridge.mtu":"9000","ipv4.address":"10.0.7.1/24","ipv4.nat":"true"},"description":"","managed":true,"name":"code","project":null,"remote":null,"target":null,"type":"bridge"},"sensitive_attributes":[]}]},{"mode":"managed","type":"incus_network","name":"dns","provider":"provider[\"registry.opentofu.org/lxc/incus\"]","instances":[{"schema_version":0,"attributes":{"config":{"bridge.mtu":"9000","ipv4.address":"10.0.2.1/24","ipv4.nat":"true"},"description":"","managed":true,"name":"dns","project":null,"remote":null,"target":null,"type":"bridge"},"sensitive_attributes":[]}]},{"mode":"managed","type":"incus_network","name":"privileged","provider":"provider[\"registry.opentofu.org/lxc/incus\"]","instances":[{"schema_version":0,"attributes":{"config":{"bridge.mtu":"9000","ipv4.address":"10.0.4.1/24","ipv4.nat":"true"},"description":"","managed":true,"name":"privileged","project":null,"remote":null,"target":null,"type":"bridge"},"sensitive_attributes":[]}]},{"mode":"managed","type":"incus_network","name":"reverse_proxy","provider":"provider[\"registry.opentofu.org/lxc/incus\"]","instances":[{"schema_version":0,"attributes":{"config":{"bridge.mtu":"9000","ipv4.address":"10.0.5.1/24","ipv4.nat":"true"},"description":"","managed":true,"name":"reverse_proxy","project":null,"remote":null,"target":null,"type":"bridge"},"sensitive_attributes":[]}]},{"mode":"managed","type":"incus_network","name":"storage","provider":"provider[\"registry.opentofu.org/lxc/incus\"]","instances":[{"schema_version":0,"attributes":{"config":{"bridge.mtu":"9000","ipv4.address":"10.0.3.1/24","ipv4.nat":"true"},"description":"","managed":true,"name":"storage","project":null,"remote":null,"target":null,"type":"bridge"},"sensitive_attributes":[]}]},{"mode":"managed","type":"incus_network","name":"torrenting","provider":"provider[\"registry.opentofu.org/lxc/incus\"]","instances":[{"schema_version":0,"attributes":{"config":{"bridge.mtu":"9000","ipv4.address":"10.0.6.1/24","ipv4.nat":"true"},"description":"","managed":true,"name":"torrenting","project":null,"remote":null,"target":null,"type":"bridge"},"sensitive_attributes":[]}]},{"mode":"managed","type":"incus_network","name":"trusted","provider":"provider[\"registry.opentofu.org/lxc/incus\"]","instances":[{"schema_version":0,"attributes":{"config":{"bridge.mtu":"9000","ipv4.address":"10.0.0.1/24","ipv4.nat":"true"},"description":"","managed":true,"name":"trusted","project":null,"remote":null,"target":null,"type":"bridge"},"sensitive_attributes":[]}]},{"mode":"managed","type":"incus_network","name":"untrusted","provider":"provider[\"registry.opentofu.org/lxc/incus\"]","instances":[{"schema_version":0,"attributes":{"config":{"bridge.mtu":"9000","ipv4.address":"10.0.8.1/24","ipv4.nat":"true"},"description":"","managed":true,"name":"untrusted","project":null,"remote":null,"target":null,"type":"bridge"},"sensitive_attributes":[]}]},{"mode":"managed","type":"incus_storage_pool","name":"high_io","provider":"provider[\"registry.opentofu.org/lxc/incus\"]","instances":[{"schema_version":0,"attributes":{"config":{},"description":"","driver":"btrfs","name":"high_io","project":null,"remote":null,"target":null},"sensitive_attributes":[]}]},{"mode":"managed","type":"incus_storage_pool","name":"main","provider":"provider[\"registry.opentofu.org/lxc/incus\"]","instances":[{"schema_version":0,"attributes":{"config":{},"description":"","driver":"btrfs","name":"main","project":null,"remote":null,"target":null},"sensitive_attributes":[]}]},{"mode":"managed","type":"incus_storage_volume","name":"code_data","provider":"provider[\"registry.opentofu.org/lxc/incus\"]","instances":[{"schema_version":0,"attributes":{"config":{},"content_type":"filesystem","description":"","location":"none","name":"code_data","pool":"high_io","project":null,"remote":null,"source_volume":null,"target":"","type":"custom"},"sensitive_attributes":[],"dependencies":["incus_storage_pool.high_io"]}]}],"check_results":null}
