{"version":4,"terraform_version":"1.9.0","serial":144,"lineage":"0e11be05-59f6-d804-b84f-9aa1c73b2f36","outputs":{},"resources":[{"module":"module.acls","mode":"managed","type":"incus_network_acl","name":"external_dns","provider":"provider[\"registry.opentofu.org/lxc/incus\"]","instances":[{"schema_version":0,"attributes":{"config":{},"description":"","egress":[{"action":"allow","description":"Allow DNS to Cloudflare public resolvers (TCP)","destination":"1.1.1.1,1.0.0.1","destination_port":"53","icmp_code":"","icmp_type":"","protocol":"tcp","source":"","state":"enabled"},{"action":"allow","description":"Allow DNS to Cloudflare public resolvers (UDP)","destination":"1.1.1.1,1.0.0.1","destination_port":"53","icmp_code":"","icmp_type":"","protocol":"udp","source":"","state":"enabled"},{"action":"allow","description":"Allow DNS to Google public resolvers (TCP)","destination":"8.8.8.8","destination_port":"53","icmp_code":"","icmp_type":"","protocol":"tcp","source":"","state":"enabled"},{"action":"allow","description":"Allow DNS to Google public resolvers (UDP)","destination":"8.8.8.8","destination_port":"53","icmp_code":"","icmp_type":"","protocol":"udp","source":"","state":"enabled"}],"ingress":null,"name":"external-dns","project":null,"remote":null},"sensitive_attributes":[]}]},{"module":"module.acls","mode":"managed","type":"incus_network_acl","name":"http","provider":"provider[\"registry.opentofu.org/lxc/incus\"]","instances":[{"schema_version":0,"attributes":{"config":{},"description":"","egress":[{"action":"allow","description":"Allow http traffic","destination":"","destination_port":"80","icmp_code":"","icmp_type":"","protocol":"tcp","source":"","state":"enabled"},{"action":"allow","description":"Allow https traffic (TCP)","destination":"","destination_port":"443","icmp_code":"","icmp_type":"","protocol":"tcp","source":"","state":"enabled"},{"action":"allow","description":"Allow https traffic (UDP)","destination":"","destination_port":"443","icmp_code":"","icmp_type":"","protocol":"udp","source":"","state":"enabled"}],"ingress":null,"name":"http","project":null,"remote":null},"sensitive_attributes":[]}]},{"module":"module.acls","mode":"managed","type":"incus_network_acl","name":"inbound_dns","provider":"provider[\"registry.opentofu.org/lxc/incus\"]","instances":[{"schema_version":0,"attributes":{"config":{},"description":"","egress":null,"ingress":[{"action":"allow","description":"Allow incoming DNS connections (TCP)","destination":"","destination_port":"53","icmp_code":"","icmp_type":"","protocol":"tcp","source":"@external","state":"enabled"},{"action":"allow","description":"Allow incoming DNS connections (UDP)","destination":"","destination_port":"53","icmp_code":"","icmp_type":"","protocol":"udp","source":"@external","state":"enabled"}],"name":"inbound-dns","project":null,"remote":null},"sensitive_attributes":[]}]},{"module":"module.acls","mode":"managed","type":"incus_network_acl","name":"internal_dns","provider":"provider[\"registry.opentofu.org/lxc/incus\"]","instances":[{"schema_version":0,"attributes":{"config":{},"description":"","egress":[{"action":"allow","description":"Allow DNS to internal servers (TCP)","destination":"10.0.2.2,10.0.2.3","destination_port":"53","icmp_code":"","icmp_type":"","protocol":"tcp","source":"","state":"enabled"},{"action":"allow","description":"Allow DNS to internal servers (UDP)","destination":"10.0.2.2,10.0.2.3","destination_port":"53","icmp_code":"","icmp_type":"","protocol":"udp","source":"","state":"enabled"}],"ingress":null,"name":"internal-dns","project":null,"remote":null},"sensitive_attributes":[]}]},{"module":"module.acls","mode":"managed","type":"incus_network_acl","name":"ssh_mgmt","provider":"provider[\"registry.opentofu.org/lxc/incus\"]","instances":[{"schema_version":0,"attributes":{"config":{},"description":"","egress":null,"ingress":[{"action":"allow","description":"Allow incoming SSH connections","destination":"","destination_port":"22","icmp_code":"","icmp_type":"","protocol":"tcp","source":"@external","state":"logged"}],"name":"ssh-mgmt","project":null,"remote":null},"sensitive_attributes":[]}]},{"module":"module.networks","mode":"managed","type":"incus_network","name":"code","provider":"provider[\"registry.opentofu.org/lxc/incus\"]","instances":[{"schema_version":0,"attributes":{"config":{"dns.search":"10.0.2.2, 10.0.2.3","ipv4.address":"10.0.7.1/24","ipv4.nat":"false","network":"incusbr0"},"description":"","managed":true,"name":"code","project":null,"remote":null,"target":null,"type":"ovn"},"sensitive_attributes":[],"dependencies":["module.networks.incus_network.incusbr0"]}]},{"module":"module.networks","mode":"managed","type":"incus_network","name":"dns","provider":"provider[\"registry.opentofu.org/lxc/incus\"]","instances":[{"schema_version":0,"attributes":{"config":{"ipv4.address":"10.0.2.1/24","ipv4.nat":"false","network":"incusbr0"},"description":"","managed":true,"name":"dns","project":null,"remote":null,"target":null,"type":"ovn"},"sensitive_attributes":[],"dependencies":["module.networks.incus_network.incusbr0"]}]},{"module":"module.networks","mode":"managed","type":"incus_network","name":"incusbr0","provider":"provider[\"registry.opentofu.org/lxc/incus\"]","instances":[{"schema_version":0,"attributes":{"config":{"bgp.peers.router.address":"192.168.8.1","bgp.peers.router.asn":"65537","ipv4.gateway":"192.168.8.1/24","ipv4.ovn.ranges":"192.168.8.5-192.168.8.50","ipv4.routes":"10.0.2.0/24,10.0.3.0/24,10.0.6.0/24,10.0.7.0/24,10.0.8.0/24","parent":"enp6s0"},"description":"","managed":true,"name":"incusbr0","project":null,"remote":null,"target":null,"type":"physical"},"sensitive_attributes":[]}]},{"module":"module.networks","mode":"managed","type":"incus_network","name":"privileged","provider":"provider[\"registry.opentofu.org/lxc/incus\"]","instances":[{"schema_version":0,"attributes":{"config":{"bridge.mtu":"9000","dns.search":"10.0.2.2, 10.0.2.3","ipv4.address":"10.0.4.1/24","ipv4.nat":"true"},"description":"","managed":true,"name":"privileged","project":null,"remote":null,"target":null,"type":"bridge"},"sensitive_attributes":[]}]},{"module":"module.networks","mode":"managed","type":"incus_network","name":"reverse_proxy","provider":"provider[\"registry.opentofu.org/lxc/incus\"]","instances":[{"schema_version":0,"attributes":{"config":{"bridge.mtu":"9000","dns.search":"10.0.2.2, 10.0.2.3","ipv4.address":"10.0.5.1/24","ipv4.nat":"true"},"description":"","managed":true,"name":"reverse_proxy","project":null,"remote":null,"target":null,"type":"bridge"},"sensitive_attributes":[]}]},{"module":"module.networks","mode":"managed","type":"incus_network","name":"storage","provider":"provider[\"registry.opentofu.org/lxc/incus\"]","instances":[{"schema_version":0,"attributes":{"config":{"dns.search":"10.0.2.2, 10.0.2.3","ipv4.address":"10.0.3.1/24","ipv4.nat":"false","network":"incusbr0"},"description":"","managed":true,"name":"storage","project":null,"remote":null,"target":null,"type":"ovn"},"sensitive_attributes":[],"dependencies":["module.networks.incus_network.incusbr0"]}]},{"module":"module.networks","mode":"managed","type":"incus_network","name":"torrenting","provider":"provider[\"registry.opentofu.org/lxc/incus\"]","instances":[{"schema_version":0,"attributes":{"config":{"dns.search":"10.0.2.2, 10.0.2.3","ipv4.address":"10.0.6.1/24","ipv4.nat":"false","network":"incusbr0"},"description":"","managed":true,"name":"torrenting","project":null,"remote":null,"target":null,"type":"ovn"},"sensitive_attributes":[],"dependencies":["module.networks.incus_network.incusbr0"]}]},{"module":"module.networks","mode":"managed","type":"incus_network","name":"trusted","provider":"provider[\"registry.opentofu.org/lxc/incus\"]","instances":[{"schema_version":0,"attributes":{"config":{"bridge.mtu":"9000","dns.search":"10.0.2.2, 10.0.2.3","ipv4.address":"10.0.0.1/24","ipv4.nat":"true"},"description":"","managed":true,"name":"trusted","project":null,"remote":null,"target":null,"type":"bridge"},"sensitive_attributes":[]}]},{"module":"module.networks","mode":"managed","type":"incus_network","name":"untrusted","provider":"provider[\"registry.opentofu.org/lxc/incus\"]","instances":[{"schema_version":0,"attributes":{"config":{"dns.search":"10.0.2.2, 10.0.2.3","ipv4.address":"10.0.8.1/24","ipv4.nat":"false","network":"incusbr0"},"description":"","managed":true,"name":"untrusted","project":null,"remote":null,"target":null,"type":"ovn"},"sensitive_attributes":[],"dependencies":["module.networks.incus_network.incusbr0"]}]},{"module":"module.storage-pools","mode":"managed","type":"incus_storage_pool","name":"virt_high_io","provider":"provider[\"registry.opentofu.org/lxc/incus\"]","instances":[{"schema_version":0,"attributes":{"config":{},"description":"","driver":"lvm","name":"virt-high-io","project":null,"remote":null,"target":null},"sensitive_attributes":[]}]},{"module":"module.storage-pools","mode":"managed","type":"incus_storage_pool","name":"virt_main","provider":"provider[\"registry.opentofu.org/lxc/incus\"]","instances":[{"schema_version":0,"attributes":{"config":{},"description":"","driver":"lvm","name":"virt-main","project":null,"remote":null,"target":null},"sensitive_attributes":[]}]},{"module":"module.storage-pools","mode":"managed","type":"incus_storage_pool","name":"virt_spin_usb","provider":"provider[\"registry.opentofu.org/lxc/incus\"]","instances":[{"schema_version":0,"attributes":{"config":{},"description":"","driver":"lvm","name":"virt-spin-usb","project":null,"remote":null,"target":null},"sensitive_attributes":[]}]},{"module":"module.storage-volumes","mode":"managed","type":"incus_storage_volume","name":"downloads","provider":"provider[\"registry.opentofu.org/lxc/incus\"]","instances":[{"schema_version":0,"attributes":{"config":{"size":"200GiB"},"content_type":"filesystem","description":"","location":"none","name":"downloads","pool":"virt-spin-usb","project":"default","remote":null,"source_file":null,"source_volume":null,"target":"","type":"custom"},"sensitive_attributes":[],"dependencies":["module.storage-pools.incus_storage_pool.virt_spin_usb"]}]},{"module":"module.storage-volumes","mode":"managed","type":"incus_storage_volume","name":"music","provider":"provider[\"registry.opentofu.org/lxc/incus\"]","instances":[{"schema_version":0,"attributes":{"config":{"size":"700GiB"},"content_type":"filesystem","description":"","location":"none","name":"music","pool":"virt-spin-usb","project":"default","remote":null,"source_file":null,"source_volume":null,"target":"","type":"custom"},"sensitive_attributes":[],"dependencies":["module.storage-pools.incus_storage_pool.virt_spin_usb"]}]},{"module":"module.system-containers","mode":"managed","type":"incus_instance","name":"code","provider":"provider[\"registry.opentofu.org/lxc/incus\"]","instances":[{"schema_version":0,"attributes":{"config":{"boot.autostart":"true","cloud-init.user-data":"#cloud-config\ngroups:\n  - admingroup: [root, sys]\n\nusers:\n  - name: code\n    gecos: Coding Linux System Container\n    shell: /bin/bash\n    homedir: /home/code\n    sudo: ALL=(ALL) NOPASSWD:ALL\n    groups: users\n    lock_passwd: false\n    ssh_authorized_keys:\n      - ssh-ed25519 AAAAC3NzaC1lZDI1NTE5AAAAIK4rK1/vd8pxuk5del7oQzIg5ZGquejzZ8Eu5CwMFN41 mateoestradaramirez@outlook.com\n    passwd: $2b$05$b4A5m5MpFPG0aN5nG1Rtd.mKw1JsBrBaaSd9UvFNtBDiA6gYD/EXa\n  - name: ansible\n    gecos: Ansible Automation Account\n    shell: /bin/bash\n    homedir: /home/ansible\n    sudo: ALL=(ALL) NOPASSWD:ALL\n    groups: users, sys\n    lock_passwd: false\n    ssh_authorized_keys:\n      - ssh-ed25519 AAAAC3NzaC1lZDI1NTE5AAAAIK4rK1/vd8pxuk5del7oQzIg5ZGquejzZ8Eu5CwMFN41 mateoestradaramirez@outlook.com\n    passwd: $y$j9T$W5URNPaERGGWpLrz40I100$9ekfQDOCpy8fFDT2Q5vv0f24etod8CaqRcOo63TImc0\nssh_pwauth: False\npackages:\n  - podman\n  - openssh-server\ntimezone: America/Bogota\nwrite_files:\n  - path: /etc/ssh/sshd_config\n    permissions: \"0600\"\n    content: |\n      Port 22\n      ListenAddress 0.0.0.0\n      PermitRootLogin no\n      PasswordAuthentication no\n      ChallengeResponseAuthentication no\n      UsePAM yes\n      X11Forwarding no\n      PrintMotd no\n      Subsystem\tsftp\t/usr/lib/openssh/sftp-server\n","limits.cpu":"1","limits.memory":"4GiB","limits.memory.swap":"true","limits.memory.swap.priority":"0","security.nesting":"true"},"description":"","device":[{"name":"data","properties":{"path":"/home","pool":"virt-high-io","source":"code_data"},"type":"disk"},{"name":"root","properties":{"path":"/","pool":"virt-main"},"type":"disk"}],"ephemeral":false,"file":[],"image":"images:debian/trixie/cloud","ipv4_address":null,"ipv6_address":null,"mac_address":null,"name":"code","profiles":["default"],"project":null,"remote":null,"running":true,"source_file":null,"source_instance":null,"status":"Running","target":"","type":"container","wait_for":[]},"sensitive_attributes":[[{"type":"get_attr","value":"config"},{"type":"index","value":{"value":"cloud-init.user-data","type":"string"}}]],"dependencies":["module.networks.incus_network.code","module.networks.incus_network.incusbr0","module.storage-pools.incus_storage_pool.virt_high_io","module.storage-pools.incus_storage_pool.virt_main","module.system-containers.incus_storage_volume.code_data"]}]},{"module":"module.system-containers","mode":"managed","type":"incus_instance","name":"dns","provider":"provider[\"registry.opentofu.org/lxc/incus\"]","instances":[{"schema_version":0,"attributes":{"config":{"boot.autostart":"true","cloud-init.user-data":"#cloud-config\ngroups:\n  - admingroup: [root, sys]\n\nusers:\n  - name: dns\n    gecos: DNS Linux System Container\n    shell: /bin/bash\n    homedir: /home/dns\n    sudo: ALL=(ALL) NOPASSWD:ALL\n    groups: users\n    lock_passwd: false\n    ssh_authorized_keys:\n      - ssh-ed25519 AAAAC3NzaC1lZDI1NTE5AAAAIK4rK1/vd8pxuk5del7oQzIg5ZGquejzZ8Eu5CwMFN41 mateoestradaramirez@outlook.com\n    passwd: $2b$05$b4A5m5MpFPG0aN5nG1Rtd.mKw1JsBrBaaSd9UvFNtBDiA6gYD/EXa\n  - name: ansible\n    gecos: Ansible Automation Account\n    shell: /bin/bash\n    homedir: /home/ansible\n    sudo: ALL=(ALL) NOPASSWD:ALL\n    groups: users, sys\n    lock_passwd: false\n    ssh_authorized_keys:\n      - ssh-ed25519 AAAAC3NzaC1lZDI1NTE5AAAAIK4rK1/vd8pxuk5del7oQzIg5ZGquejzZ8Eu5CwMFN41 mateoestradaramirez@outlook.com\n    passwd: $y$j9T$W5URNPaERGGWpLrz40I100$9ekfQDOCpy8fFDT2Q5vv0f24etod8CaqRcOo63TImc0\nssh_pwauth: False\npackages:\n  - podman\n  - openssh-server\ntimezone: America/Bogota\nwrite_files:\n  - path: /etc/ssh/sshd_config\n    permissions: \"0600\"\n    content: |\n      Port 22\n      ListenAddress 0.0.0.0\n      PermitRootLogin no\n      PasswordAuthentication no\n      ChallengeResponseAuthentication no\n      UsePAM yes\n      X11Forwarding no\n      PrintMotd no\n      Subsystem\tsftp\t/usr/lib/openssh/sftp-server\n","limits.cpu":"1","limits.cpu.allowance":"10%","limits.memory":"2GiB","limits.memory.swap":"true","limits.memory.swap.priority":"0","security.nesting":"true"},"description":"","device":[{"name":"data","properties":{"path":"/home","pool":"virt-main","source":"dns_data"},"type":"disk"},{"name":"eth0","properties":{"ipv4.address":"10.0.2.2","network":"dns"},"type":"nic"},{"name":"root","properties":{"path":"/","pool":"virt-main"},"type":"disk"}],"ephemeral":false,"file":[],"image":"images:debian/trixie/cloud","ipv4_address":"10.0.2.2","ipv6_address":"fd42:c48c:9352:d791:216:3eff:fe8d:2d5","mac_address":"00:16:3e:8d:02:d5","name":"dns","profiles":["default"],"project":null,"remote":null,"running":true,"source_file":null,"source_instance":null,"status":"Running","target":"","type":"container","wait_for":[]},"sensitive_attributes":[[{"type":"get_attr","value":"config"},{"type":"index","value":{"value":"cloud-init.user-data","type":"string"}}]],"dependencies":["module.networks.incus_network.dns","module.networks.incus_network.incusbr0","module.storage-pools.incus_storage_pool.virt_main","module.system-containers.incus_storage_volume.dns_data"]}]},{"module":"module.system-containers","mode":"managed","type":"incus_instance","name":"dns_1","provider":"provider[\"registry.opentofu.org/lxc/incus\"]","instances":[{"schema_version":0,"attributes":{"config":{"boot.autostart":"true","cloud-init.user-data":"#cloud-config\ngroups:\n  - admingroup: [root, sys]\n\nusers:\n  - name: dns-1\n    gecos: Backup DNS Linux System Container\n    shell: /bin/bash\n    homedir: /home/dns-1\n    sudo: ALL=(ALL) NOPASSWD:ALL\n    groups: users\n    lock_passwd: false\n    ssh_authorized_keys:\n      - ssh-ed25519 AAAAC3NzaC1lZDI1NTE5AAAAIK4rK1/vd8pxuk5del7oQzIg5ZGquejzZ8Eu5CwMFN41 mateoestradaramirez@outlook.com\n    passwd: $2b$05$b4A5m5MpFPG0aN5nG1Rtd.mKw1JsBrBaaSd9UvFNtBDiA6gYD/EXa\n  - name: ansible\n    gecos: Ansible Automation Account\n    shell: /bin/bash\n    homedir: /home/ansible\n    sudo: ALL=(ALL) NOPASSWD:ALL\n    groups: users, sys\n    lock_passwd: false\n    ssh_authorized_keys:\n      - ssh-ed25519 AAAAC3NzaC1lZDI1NTE5AAAAIK4rK1/vd8pxuk5del7oQzIg5ZGquejzZ8Eu5CwMFN41 mateoestradaramirez@outlook.com\n    passwd: $y$j9T$W5URNPaERGGWpLrz40I100$9ekfQDOCpy8fFDT2Q5vv0f24etod8CaqRcOo63TImc0\nssh_pwauth: False\npackages:\n  - podman\n  - openssh-server\ntimezone: America/Bogota\nwrite_files:\n  - path: /etc/ssh/sshd_config\n    permissions: \"0600\"\n    content: |\n      Port 22\n      ListenAddress 0.0.0.0\n      PermitRootLogin no\n      PasswordAuthentication no\n      ChallengeResponseAuthentication no\n      UsePAM yes\n      X11Forwarding no\n      PrintMotd no\n      Subsystem\tsftp\t/usr/lib/openssh/sftp-server\n","limits.cpu":"1","limits.cpu.allowance":"10%","limits.memory":"2GiB","limits.memory.swap":"true","limits.memory.swap.priority":"0","security.nesting":"true"},"description":"","device":[{"name":"data","properties":{"path":"/home","pool":"virt-main","source":"dns_data_1"},"type":"disk"},{"name":"eth0","properties":{"ipv4.address":"10.0.2.3","network":"dns"},"type":"nic"},{"name":"root","properties":{"path":"/","pool":"virt-main"},"type":"disk"}],"ephemeral":false,"file":[],"image":"images:debian/trixie/cloud","ipv4_address":"10.0.2.3","ipv6_address":"fd42:c48c:9352:d791:216:3eff:febd:72b7","mac_address":"00:16:3e:bd:72:b7","name":"dns-1","profiles":["default"],"project":null,"remote":null,"running":true,"source_file":null,"source_instance":null,"status":"Running","target":"","type":"container","wait_for":[]},"sensitive_attributes":[[{"type":"get_attr","value":"config"},{"type":"index","value":{"value":"cloud-init.user-data","type":"string"}}]],"dependencies":["module.networks.incus_network.dns","module.networks.incus_network.incusbr0","module.storage-pools.incus_storage_pool.virt_main","module.system-containers.incus_storage_volume.dns_data_1"]}]},{"module":"module.system-containers","mode":"managed","type":"incus_instance","name":"exit-node-co","provider":"provider[\"registry.opentofu.org/lxc/incus\"]","instances":[{"schema_version":0,"attributes":{"config":{"boot.autostart":"true","cloud-init.user-data":"#cloud-config\ngroups:\n  - admingroup: [root, sys]\n\nusers:\n  - name: exit-node-co\n    gecos: Exit node with Colombian address\n    shell: /bin/bash\n    homedir: /home/exit-node-co\n    sudo: ALL=(ALL) NOPASSWD:ALL\n    groups: users\n    lock_passwd: false\n    ssh_authorized_keys:\n      - ssh-ed25519 AAAAC3NzaC1lZDI1NTE5AAAAIK4rK1/vd8pxuk5del7oQzIg5ZGquejzZ8Eu5CwMFN41 mateoestradaramirez@outlook.com\n    passwd: $2b$05$b4A5m5MpFPG0aN5nG1Rtd.mKw1JsBrBaaSd9UvFNtBDiA6gYD/EXa\n  - name: ansible\n    gecos: Ansible Automation Account\n    shell: /bin/bash\n    homedir: /home/ansible\n    sudo: ALL=(ALL) NOPASSWD:ALL\n    groups: users, sys\n    lock_passwd: false\n    ssh_authorized_keys:\n      - ssh-ed25519 AAAAC3NzaC1lZDI1NTE5AAAAIK4rK1/vd8pxuk5del7oQzIg5ZGquejzZ8Eu5CwMFN41 mateoestradaramirez@outlook.com\n    passwd: $y$j9T$W5URNPaERGGWpLrz40I100$9ekfQDOCpy8fFDT2Q5vv0f24etod8CaqRcOo63TImc0\nssh_pwauth: False\npackages:\n  - podman\n  - openssh-server\ntimezone: America/Bogota\nwrite_files:\n  - path: /etc/ssh/sshd_config\n    permissions: \"0600\"\n    content: |\n      Port 22\n      ListenAddress 0.0.0.0\n      PermitRootLogin no\n      PasswordAuthentication no\n      ChallengeResponseAuthentication no\n      UsePAM yes\n      X11Forwarding no\n      PrintMotd no\n      Subsystem\tsftp\t/usr/lib/openssh/sftp-server\n","limits.cpu":"1","limits.cpu.allowance":"10%","limits.memory":"1GiB","limits.memory.swap":"true","limits.memory.swap.priority":"0","security.nesting":"true"},"description":"","device":[{"name":"eth0","properties":{"ipv4.address":"10.0.8.10","network":"untrusted"},"type":"nic"},{"name":"root","properties":{"path":"/","pool":"virt-main"},"type":"disk"}],"ephemeral":false,"file":[],"image":"images:debian/trixie/cloud","ipv4_address":"10.0.8.10","ipv6_address":"fd42:6111:b330:eb74:216:3eff:fec6:b011","mac_address":"00:16:3e:c6:b0:11","name":"exit-node-co","profiles":["default"],"project":null,"remote":null,"running":true,"source_file":null,"source_instance":null,"status":"Running","target":"","type":"container","wait_for":[]},"sensitive_attributes":[[{"type":"get_attr","value":"config"},{"type":"index","value":{"value":"cloud-init.user-data","type":"string"}}]],"dependencies":["module.networks.incus_network.incusbr0","module.networks.incus_network.untrusted","module.storage-pools.incus_storage_pool.virt_main"]}]},{"module":"module.system-containers","mode":"managed","type":"incus_instance","name":"game-server","provider":"provider[\"registry.opentofu.org/lxc/incus\"]","instances":[{"schema_version":0,"attributes":{"config":{"boot.autostart":"true","cloud-init.user-data":"#cloud-config\ngroups:\n  - admingroup: [root, sys]\n\nusers:\n  - name: game-server\n    gecos: Game Server Linux System Container\n    shell: /bin/bash\n    homedir: /home/game-server\n    sudo: ALL=(ALL) NOPASSWD:ALL\n    groups: users\n    lock_passwd: false\n    ssh_authorized_keys:\n      - ssh-ed25519 AAAAC3NzaC1lZDI1NTE5AAAAIK4rK1/vd8pxuk5del7oQzIg5ZGquejzZ8Eu5CwMFN41 mateoestradaramirez@outlook.com\n    passwd: $2b$05$b4A5m5MpFPG0aN5nG1Rtd.mKw1JsBrBaaSd9UvFNtBDiA6gYD/EXa\n  - name: ansible\n    gecos: Ansible Automation Account\n    shell: /bin/bash\n    homedir: /home/ansible\n    sudo: ALL=(ALL) NOPASSWD:ALL\n    groups: users, sys\n    lock_passwd: false\n    ssh_authorized_keys:\n      - ssh-ed25519 AAAAC3NzaC1lZDI1NTE5AAAAIK4rK1/vd8pxuk5del7oQzIg5ZGquejzZ8Eu5CwMFN41 mateoestradaramirez@outlook.com\n    passwd: $y$j9T$W5URNPaERGGWpLrz40I100$9ekfQDOCpy8fFDT2Q5vv0f24etod8CaqRcOo63TImc0\nssh_pwauth: False\npackages:\n  - podman\n  - openssh-server\ntimezone: America/Bogota\nwrite_files:\n  - path: /etc/ssh/sshd_config\n    permissions: \"0600\"\n    content: |\n      Port 22\n      ListenAddress 0.0.0.0\n      PermitRootLogin no\n      PasswordAuthentication no\n      ChallengeResponseAuthentication no\n      UsePAM yes\n      X11Forwarding no\n      PrintMotd no\n      Subsystem\tsftp\t/usr/lib/openssh/sftp-server\n","limits.cpu":"2","limits.memory":"10GiB","limits.memory.swap":"true","limits.memory.swap.priority":"0","security.nesting":"true"},"description":"","device":[{"name":"data","properties":{"path":"/home","pool":"virt-high-io","source":"game-server"},"type":"disk"},{"name":"eth0","properties":{"ipv4.address":"10.0.8.11","network":"untrusted"},"type":"nic"},{"name":"root","properties":{"path":"/","pool":"virt-main"},"type":"disk"}],"ephemeral":false,"file":[],"image":"images:debian/trixie/cloud","ipv4_address":"10.0.8.11","ipv6_address":"fd42:6111:b330:eb74:216:3eff:fef6:101e","mac_address":"00:16:3e:f6:10:1e","name":"game-server","profiles":["default"],"project":null,"remote":null,"running":true,"source_file":null,"source_instance":null,"status":"Running","target":"","type":"container","wait_for":[]},"sensitive_attributes":[[{"type":"get_attr","value":"config"},{"type":"index","value":{"value":"cloud-init.user-data","type":"string"}}]],"dependencies":["module.networks.incus_network.incusbr0","module.networks.incus_network.untrusted","module.storage-pools.incus_storage_pool.virt_high_io","module.storage-pools.incus_storage_pool.virt_main","module.system-containers.incus_storage_volume.game-server-data"]}]},{"module":"module.system-containers","mode":"managed","type":"incus_instance","name":"knowledge","provider":"provider[\"registry.opentofu.org/lxc/incus\"]","instances":[{"schema_version":0,"attributes":{"config":{"boot.autostart":"true","cloud-init.user-data":"#cloud-config\ngroups:\n  - admingroup: [root, sys]\n\nusers:\n  - name: knowledge\n    gecos: Knowledge management Linux System Container\n    shell: /bin/bash\n    homedir: /home/knowledge\n    sudo: ALL=(ALL) NOPASSWD:ALL\n    groups: users\n    lock_passwd: false\n    ssh_authorized_keys:\n      - ssh-ed25519 AAAAC3NzaC1lZDI1NTE5AAAAIK4rK1/vd8pxuk5del7oQzIg5ZGquejzZ8Eu5CwMFN41 mateoestradaramirez@outlook.com\n    passwd: $2b$05$b4A5m5MpFPG0aN5nG1Rtd.mKw1JsBrBaaSd9UvFNtBDiA6gYD/EXa\n  - name: ansible\n    gecos: Ansible Automation Account\n    shell: /bin/bash\n    homedir: /home/ansible\n    sudo: ALL=(ALL) NOPASSWD:ALL\n    groups: users, sys\n    lock_passwd: false\n    ssh_authorized_keys:\n      - ssh-ed25519 AAAAC3NzaC1lZDI1NTE5AAAAIK4rK1/vd8pxuk5del7oQzIg5ZGquejzZ8Eu5CwMFN41 mateoestradaramirez@outlook.com\n    passwd: $y$j9T$W5URNPaERGGWpLrz40I100$9ekfQDOCpy8fFDT2Q5vv0f24etod8CaqRcOo63TImc0\nssh_pwauth: False\npackages:\n  - podman\n  - openssh-server\ntimezone: America/Bogota\nwrite_files:\n  - path: /etc/ssh/sshd_config\n    permissions: \"0600\"\n    content: |\n      Port 22\n      ListenAddress 0.0.0.0\n      PermitRootLogin no\n      PasswordAuthentication no\n      ChallengeResponseAuthentication no\n      UsePAM yes\n      X11Forwarding no\n      PrintMotd no\n      Subsystem\tsftp\t/usr/lib/openssh/sftp-server\n","limits.cpu":"1","limits.cpu.allowance":"10%","limits.memory":"2GiB","limits.memory.swap":"true","limits.memory.swap.priority":"0","security.nesting":"true"},"description":"","device":[{"name":"data","properties":{"path":"/home","pool":"virt-high-io","source":"knowledge_data"},"type":"disk"},{"name":"eth0","properties":{"ipv4.address":"10.0.0.10","mtu":"9000","nictype":"bridged","parent":"trusted"},"type":"nic"},{"name":"root","properties":{"path":"/","pool":"virt-main"},"type":"disk"}],"ephemeral":false,"file":[],"image":"images:debian/trixie/cloud","ipv4_address":"10.0.0.10","ipv6_address":"fd42:46e9:a99a:7d77:216:3eff:fefb:513a","mac_address":"00:16:3e:fb:51:3a","name":"knowledge","profiles":["default"],"project":null,"remote":null,"running":true,"source_file":null,"source_instance":null,"status":"Running","target":"","type":"container","wait_for":[]},"sensitive_attributes":[[{"type":"get_attr","value":"config"},{"type":"index","value":{"value":"cloud-init.user-data","type":"string"}}]],"dependencies":["module.networks.incus_network.trusted","module.storage-pools.incus_storage_pool.virt_high_io","module.storage-pools.incus_storage_pool.virt_main","module.system-containers.incus_storage_volume.knowledge_data"]}]},{"module":"module.system-containers","mode":"managed","type":"incus_instance","name":"reverse_proxy","provider":"provider[\"registry.opentofu.org/lxc/incus\"]","instances":[{"schema_version":0,"attributes":{"config":{"boot.autostart":"true","cloud-init.user-data":"#cloud-config\ngroups:\n  - admingroup: [root, sys]\n\nusers:\n  - name: reverse-proxy\n    gecos: Reverse proxy Linux System Container\n    shell: /bin/bash\n    homedir: /home/reverse-proxy\n    sudo: ALL=(ALL) NOPASSWD:ALL\n    groups: users\n    lock_passwd: false\n    ssh_authorized_keys:\n      - ssh-ed25519 AAAAC3NzaC1lZDI1NTE5AAAAIK4rK1/vd8pxuk5del7oQzIg5ZGquejzZ8Eu5CwMFN41 mateoestradaramirez@outlook.com\n    passwd: $2b$05$b4A5m5MpFPG0aN5nG1Rtd.mKw1JsBrBaaSd9UvFNtBDiA6gYD/EXa\n  - name: ansible\n    gecos: Ansible Automation Account\n    shell: /bin/bash\n    homedir: /home/ansible\n    sudo: ALL=(ALL) NOPASSWD:ALL\n    groups: users, sys\n    lock_passwd: false\n    ssh_authorized_keys:\n      - ssh-ed25519 AAAAC3NzaC1lZDI1NTE5AAAAIK4rK1/vd8pxuk5del7oQzIg5ZGquejzZ8Eu5CwMFN41 mateoestradaramirez@outlook.com\n    passwd: $y$j9T$W5URNPaERGGWpLrz40I100$9ekfQDOCpy8fFDT2Q5vv0f24etod8CaqRcOo63TImc0\nssh_pwauth: False\npackages:\n  - podman\n  - openssh-server\ntimezone: America/Bogota\nwrite_files:\n  - path: /etc/ssh/sshd_config\n    permissions: \"0600\"\n    content: |\n      Port 22\n      ListenAddress 0.0.0.0\n      PermitRootLogin no\n      PasswordAuthentication no\n      ChallengeResponseAuthentication no\n      UsePAM yes\n      X11Forwarding no\n      PrintMotd no\n      Subsystem\tsftp\t/usr/lib/openssh/sftp-server\n","limits.cpu":"1","limits.memory":"1GiB","limits.memory.swap":"true","limits.memory.swap.priority":"0","security.nesting":"true"},"description":"","device":[{"name":"data","properties":{"path":"/home","pool":"virt-main","source":"reverse_proxy_data"},"type":"disk"},{"name":"eth0","properties":{"ipv4.address":"10.0.5.10","mtu":"9000","nictype":"bridged","parent":"reverse_proxy"},"type":"nic"},{"name":"root","properties":{"path":"/","pool":"virt-main"},"type":"disk"}],"ephemeral":false,"file":[],"image":"images:debian/trixie/cloud","ipv4_address":"10.0.5.10","ipv6_address":"fd42:35d2:eba3:44e8:216:3eff:feab:68b4","mac_address":"00:16:3e:ab:68:b4","name":"reverse-proxy","profiles":["default"],"project":null,"remote":null,"running":true,"source_file":null,"source_instance":null,"status":"Running","target":"","type":"container","wait_for":[]},"sensitive_attributes":[[{"type":"get_attr","value":"config"},{"type":"index","value":{"value":"cloud-init.user-data","type":"string"}}]],"dependencies":["module.networks.incus_network.reverse_proxy","module.storage-pools.incus_storage_pool.virt_main","module.system-containers.incus_storage_volume.reverse_proxy_data"]}]},{"module":"module.system-containers","mode":"managed","type":"incus_instance","name":"security","provider":"provider[\"registry.opentofu.org/lxc/incus\"]","instances":[{"schema_version":0,"attributes":{"config":{"boot.autostart":"true","cloud-init.user-data":"#cloud-config\ngroups:\n  - admingroup: [root, sys]\n\nusers:\n  - name: security\n    gecos: Security Linux System Container\n    shell: /bin/bash\n    homedir: /home/security\n    sudo: ALL=(ALL) NOPASSWD:ALL\n    groups: users\n    lock_passwd: false\n    ssh_authorized_keys:\n      - ssh-ed25519 AAAAC3NzaC1lZDI1NTE5AAAAIK4rK1/vd8pxuk5del7oQzIg5ZGquejzZ8Eu5CwMFN41 mateoestradaramirez@outlook.com\n    passwd: $2b$05$b4A5m5MpFPG0aN5nG1Rtd.mKw1JsBrBaaSd9UvFNtBDiA6gYD/EXa\n  - name: ansible\n    gecos: Ansible Automation Account\n    shell: /bin/bash\n    homedir: /home/ansible\n    sudo: ALL=(ALL) NOPASSWD:ALL\n    groups: users, sys\n    lock_passwd: false\n    ssh_authorized_keys:\n      - ssh-ed25519 AAAAC3NzaC1lZDI1NTE5AAAAIK4rK1/vd8pxuk5del7oQzIg5ZGquejzZ8Eu5CwMFN41 mateoestradaramirez@outlook.com\n    passwd: $y$j9T$W5URNPaERGGWpLrz40I100$9ekfQDOCpy8fFDT2Q5vv0f24etod8CaqRcOo63TImc0\nssh_pwauth: False\npackages:\n  - podman\n  - openssh-server\ntimezone: America/Bogota\nwrite_files:\n  - path: /etc/ssh/sshd_config\n    permissions: \"0600\"\n    content: |\n      Port 22\n      ListenAddress 0.0.0.0\n      PermitRootLogin no\n      PasswordAuthentication no\n      ChallengeResponseAuthentication no\n      UsePAM yes\n      X11Forwarding no\n      PrintMotd no\n      Subsystem\tsftp\t/usr/lib/openssh/sftp-server\n","limits.cpu":"1","limits.cpu.allowance":"50%","limits.memory":"8GiB","limits.memory.swap":"true","limits.memory.swap.priority":"0","security.nesting":"true"},"description":"","device":[{"name":"data","properties":{"path":"/home","pool":"virt-main","source":"security_data"},"type":"disk"},{"name":"eth0","properties":{"ipv4.address":"10.0.0.11","mtu":"9000","nictype":"bridged","parent":"trusted"},"type":"nic"},{"name":"root","properties":{"path":"/","pool":"virt-main"},"type":"disk"}],"ephemeral":false,"file":[],"image":"images:debian/trixie/cloud","ipv4_address":"10.0.0.11","ipv6_address":"fd42:46e9:a99a:7d77:216:3eff:feaa:a6cd","mac_address":"00:16:3e:aa:a6:cd","name":"security","profiles":["default"],"project":null,"remote":null,"running":true,"source_file":null,"source_instance":null,"status":"Running","target":"","type":"container","wait_for":[]},"sensitive_attributes":[[{"type":"get_attr","value":"config"},{"type":"index","value":{"value":"cloud-init.user-data","type":"string"}}]],"dependencies":["module.networks.incus_network.trusted","module.storage-pools.incus_storage_pool.virt_main","module.system-containers.incus_storage_volume.security_data"]}]},{"module":"module.system-containers","mode":"managed","type":"incus_instance","name":"servarr","provider":"provider[\"registry.opentofu.org/lxc/incus\"]","instances":[{"schema_version":0,"attributes":{"config":{"boot.autostart":"true","cloud-init.user-data":"#cloud-config\ngroups:\n  - admingroup: [root, sys]\n\nusers:\n  - name: servarr\n    gecos: Servarr Linux System Container\n    shell: /bin/bash\n    homedir: /home/servarr\n    sudo: ALL=(ALL) NOPASSWD:ALL\n    groups: users\n    lock_passwd: false\n    ssh_authorized_keys:\n      - ssh-ed25519 AAAAC3NzaC1lZDI1NTE5AAAAIK4rK1/vd8pxuk5del7oQzIg5ZGquejzZ8Eu5CwMFN41 mateoestradaramirez@outlook.com\n    passwd: $2b$05$b4A5m5MpFPG0aN5nG1Rtd.mKw1JsBrBaaSd9UvFNtBDiA6gYD/EXa\n  - name: ansible\n    gecos: Ansible Automation Account\n    shell: /bin/bash\n    homedir: /home/ansible\n    sudo: ALL=(ALL) NOPASSWD:ALL\n    groups: users, sys\n    lock_passwd: false\n    ssh_authorized_keys:\n      - ssh-ed25519 AAAAC3NzaC1lZDI1NTE5AAAAIK4rK1/vd8pxuk5del7oQzIg5ZGquejzZ8Eu5CwMFN41 mateoestradaramirez@outlook.com\n    passwd: $y$j9T$W5URNPaERGGWpLrz40I100$9ekfQDOCpy8fFDT2Q5vv0f24etod8CaqRcOo63TImc0\nssh_pwauth: False\npackages:\n  - podman\n  - openssh-server\ntimezone: America/Bogota\nwrite_files:\n  - path: /etc/ssh/sshd_config\n    permissions: \"0600\"\n    content: |\n      Port 22\n      ListenAddress 0.0.0.0\n      PermitRootLogin no\n      PasswordAuthentication no\n      ChallengeResponseAuthentication no\n      UsePAM yes\n      X11Forwarding no\n      PrintMotd no\n      Subsystem\tsftp\t/usr/lib/openssh/sftp-server\n","limits.cpu":"1","limits.memory":"8GiB","limits.memory.swap":"true","limits.memory.swap.priority":"0","security.nesting":"true"},"description":"","device":[{"name":"cache","properties":{"path":"/tmp/servarr-cache","pool":"virt-high-io","source":"servarr_cache"},"type":"disk"},{"name":"data","properties":{"path":"/home","pool":"virt-main","source":"servarr_data"},"type":"disk"},{"name":"downloads","properties":{"path":"/downloads","pool":"virt-spin-usb","source":"downloads"},"type":"disk"},{"name":"eth0","properties":{"ipv4.address":"10.0.0.12","mtu":"9000","nictype":"bridged","parent":"trusted"},"type":"nic"},{"name":"music","properties":{"path":"/music","pool":"virt-spin-usb","source":"music"},"type":"disk"},{"name":"root","properties":{"path":"/","pool":"virt-main"},"type":"disk"}],"ephemeral":false,"file":[],"image":"images:debian/trixie/cloud","ipv4_address":"10.0.0.12","ipv6_address":"fd42:46e9:a99a:7d77:216:3eff:fe0b:a9c9","mac_address":"00:16:3e:0b:a9:c9","name":"servarr","profiles":["default"],"project":null,"remote":null,"running":true,"source_file":null,"source_instance":null,"status":"Running","target":"","type":"container","wait_for":[]},"sensitive_attributes":[[{"type":"get_attr","value":"config"},{"type":"index","value":{"value":"cloud-init.user-data","type":"string"}}]],"dependencies":["module.networks.incus_network.trusted","module.storage-pools.incus_storage_pool.virt_high_io","module.storage-pools.incus_storage_pool.virt_main","module.storage-pools.incus_storage_pool.virt_spin_usb","module.storage-volumes.incus_storage_volume.downloads","module.storage-volumes.incus_storage_volume.music","module.system-containers.incus_storage_volume.servarr_cache","module.system-containers.incus_storage_volume.servarr_data"]}]},{"module":"module.system-containers","mode":"managed","type":"incus_instance","name":"streaming","provider":"provider[\"registry.opentofu.org/lxc/incus\"]","instances":[{"schema_version":0,"attributes":{"config":{"boot.autostart":"true","cloud-init.user-data":"#cloud-config\ngroups:\n  - admingroup: [root, sys]\n\nusers:\n  - name: streaming\n    gecos: Streaming Linux System Container\n    shell: /bin/bash\n    homedir: /home/streaming\n    sudo: ALL=(ALL) NOPASSWD:ALL\n    groups: users\n    lock_passwd: false\n    ssh_authorized_keys:\n      - ssh-ed25519 AAAAC3NzaC1lZDI1NTE5AAAAIK4rK1/vd8pxuk5del7oQzIg5ZGquejzZ8Eu5CwMFN41 mateoestradaramirez@outlook.com\n    passwd: $2b$05$b4A5m5MpFPG0aN5nG1Rtd.mKw1JsBrBaaSd9UvFNtBDiA6gYD/EXa\n  - name: ansible\n    gecos: Ansible Automation Account\n    shell: /bin/bash\n    homedir: /home/ansible\n    sudo: ALL=(ALL) NOPASSWD:ALL\n    groups: users, sys\n    lock_passwd: false\n    ssh_authorized_keys:\n      - ssh-ed25519 AAAAC3NzaC1lZDI1NTE5AAAAIK4rK1/vd8pxuk5del7oQzIg5ZGquejzZ8Eu5CwMFN41 mateoestradaramirez@outlook.com\n    passwd: $y$j9T$W5URNPaERGGWpLrz40I100$9ekfQDOCpy8fFDT2Q5vv0f24etod8CaqRcOo63TImc0\nssh_pwauth: False\npackages:\n  - podman\n  - openssh-server\ntimezone: America/Bogota\nwrite_files:\n  - path: /etc/ssh/sshd_config\n    permissions: \"0600\"\n    content: |\n      Port 22\n      ListenAddress 0.0.0.0\n      PermitRootLogin no\n      PasswordAuthentication no\n      ChallengeResponseAuthentication no\n      UsePAM yes\n      X11Forwarding no\n      PrintMotd no\n      Subsystem\tsftp\t/usr/lib/openssh/sftp-server\n","limits.cpu":"1","limits.cpu.allowance":"20%","limits.memory":"1GiB","limits.memory.swap":"true","limits.memory.swap.priority":"0","security.nesting":"true"},"description":"","device":[{"name":"data","properties":{"path":"/home","pool":"virt-main","source":"streaming_data"},"type":"disk"},{"name":"eth0","properties":{"ipv4.address":"10.0.0.13","mtu":"9000","nictype":"bridged","parent":"trusted"},"type":"nic"},{"name":"music","properties":{"path":"/music","pool":"virt-spin-usb","source":"music"},"type":"disk"},{"name":"root","properties":{"path":"/","pool":"virt-main"},"type":"disk"}],"ephemeral":false,"file":[],"image":"images:debian/trixie/cloud","ipv4_address":"10.0.0.13","ipv6_address":"fd42:46e9:a99a:7d77:216:3eff:febb:48c4","mac_address":"00:16:3e:bb:48:c4","name":"streaming","profiles":["default"],"project":null,"remote":null,"running":true,"source_file":null,"source_instance":null,"status":"Running","target":"","type":"container","wait_for":[]},"sensitive_attributes":[[{"type":"get_attr","value":"config"},{"type":"index","value":{"value":"cloud-init.user-data","type":"string"}}]],"dependencies":["module.networks.incus_network.trusted","module.storage-pools.incus_storage_pool.virt_main","module.storage-pools.incus_storage_pool.virt_spin_usb","module.storage-volumes.incus_storage_volume.music","module.system-containers.incus_storage_volume.streaming_data"]}]},{"module":"module.system-containers","mode":"managed","type":"incus_instance","name":"torrent","provider":"provider[\"registry.opentofu.org/lxc/incus\"]","instances":[{"schema_version":0,"attributes":{"config":{"boot.autostart":"true","cloud-init.user-data":"#cloud-config\ngroups:\n  - admingroup: [root, sys]\n\nusers:\n  - name: torrent\n    gecos: Torrenting Linux System Container\n    shell: /bin/bash\n    homedir: /home/torrent\n    sudo: ALL=(ALL) NOPASSWD:ALL\n    groups: users\n    lock_passwd: false\n    ssh_authorized_keys:\n      - ssh-ed25519 AAAAC3NzaC1lZDI1NTE5AAAAIK4rK1/vd8pxuk5del7oQzIg5ZGquejzZ8Eu5CwMFN41 mateoestradaramirez@outlook.com\n    passwd: $2b$05$b4A5m5MpFPG0aN5nG1Rtd.mKw1JsBrBaaSd9UvFNtBDiA6gYD/EXa\n  - name: ansible\n    gecos: Ansible Automation Account\n    shell: /bin/bash\n    homedir: /home/ansible\n    sudo: ALL=(ALL) NOPASSWD:ALL\n    groups: users, sys\n    lock_passwd: false\n    ssh_authorized_keys:\n      - ssh-ed25519 AAAAC3NzaC1lZDI1NTE5AAAAIK4rK1/vd8pxuk5del7oQzIg5ZGquejzZ8Eu5CwMFN41 mateoestradaramirez@outlook.com\n    passwd: $y$j9T$W5URNPaERGGWpLrz40I100$9ekfQDOCpy8fFDT2Q5vv0f24etod8CaqRcOo63TImc0\nssh_pwauth: False\npackages:\n  - podman\n  - openssh-server\ntimezone: America/Bogota\nwrite_files:\n  - path: /etc/ssh/sshd_config\n    permissions: \"0600\"\n    content: |\n      Port 22\n      ListenAddress 0.0.0.0\n      PermitRootLogin no\n      PasswordAuthentication no\n      ChallengeResponseAuthentication no\n      UsePAM yes\n      X11Forwarding no\n      PrintMotd no\n      Subsystem\tsftp\t/usr/lib/openssh/sftp-server\n","limits.cpu":"1","limits.cpu.allowance":"10%","limits.memory":"4GiB","limits.memory.swap":"true","limits.memory.swap.priority":"0","security.nesting":"true"},"description":"","device":[{"name":"data","properties":{"path":"/home","pool":"virt-main","source":"torrent_data"},"type":"disk"},{"name":"downloads","properties":{"path":"/downloads","pool":"virt-spin-usb","source":"downloads"},"type":"disk"},{"name":"eth0","properties":{"ipv4.address":"10.0.6.10","network":"torrenting"},"type":"nic"},{"name":"root","properties":{"path":"/","pool":"virt-main"},"type":"disk"}],"ephemeral":false,"file":[],"image":"images:debian/trixie/cloud","ipv4_address":"10.0.6.10","ipv6_address":"fd42:4538:d42d:1a2f:216:3eff:feef:88b3","mac_address":"00:16:3e:ef:88:b3","name":"torrent","profiles":["default"],"project":null,"remote":null,"running":true,"source_file":null,"source_instance":null,"status":"Running","target":"","type":"container","wait_for":[]},"sensitive_attributes":[[{"type":"get_attr","value":"config"},{"type":"index","value":{"value":"cloud-init.user-data","type":"string"}}]],"dependencies":["module.networks.incus_network.incusbr0","module.networks.incus_network.torrenting","module.storage-pools.incus_storage_pool.virt_main","module.storage-pools.incus_storage_pool.virt_spin_usb","module.storage-volumes.incus_storage_volume.downloads","module.system-containers.incus_storage_volume.torrent_data"]}]},{"module":"module.system-containers","mode":"managed","type":"incus_storage_volume","name":"code_data","provider":"provider[\"registry.opentofu.org/lxc/incus\"]","instances":[{"schema_version":0,"attributes":{"config":{"size":"40GiB"},"content_type":"filesystem","description":"","location":"none","name":"code_data","pool":"virt-high-io","project":"default","remote":null,"source_file":null,"source_volume":null,"target":"","type":"custom"},"sensitive_attributes":[],"dependencies":["module.storage-pools.incus_storage_pool.virt_high_io"]}]},{"module":"module.system-containers","mode":"managed","type":"incus_storage_volume","name":"dns_data","provider":"provider[\"registry.opentofu.org/lxc/incus\"]","instances":[{"schema_version":0,"attributes":{"config":{},"content_type":"filesystem","description":"","location":"none","name":"dns_data","pool":"virt-main","project":"default","remote":null,"source_file":null,"source_volume":null,"target":"","type":"custom"},"sensitive_attributes":[],"dependencies":["module.storage-pools.incus_storage_pool.virt_main"]}]},{"module":"module.system-containers","mode":"managed","type":"incus_storage_volume","name":"dns_data_1","provider":"provider[\"registry.opentofu.org/lxc/incus\"]","instances":[{"schema_version":0,"attributes":{"config":{},"content_type":"filesystem","description":"","location":"none","name":"dns_data_1","pool":"virt-main","project":"default","remote":null,"source_file":null,"source_volume":null,"target":"","type":"custom"},"sensitive_attributes":[],"dependencies":["module.storage-pools.incus_storage_pool.virt_main"]}]},{"module":"module.system-containers","mode":"managed","type":"incus_storage_volume","name":"game-server-data","provider":"provider[\"registry.opentofu.org/lxc/incus\"]","instances":[{"schema_version":0,"attributes":{"config":{},"content_type":"filesystem","description":"","location":"none","name":"game-server","pool":"virt-high-io","project":"default","remote":null,"source_file":null,"source_volume":null,"target":"","type":"custom"},"sensitive_attributes":[],"dependencies":["module.storage-pools.incus_storage_pool.virt_high_io"]}]},{"module":"module.system-containers","mode":"managed","type":"incus_storage_volume","name":"knowledge_data","provider":"provider[\"registry.opentofu.org/lxc/incus\"]","instances":[{"schema_version":0,"attributes":{"config":{},"content_type":"filesystem","description":"","location":"none","name":"knowledge_data","pool":"virt-high-io","project":"default","remote":null,"source_file":null,"source_volume":null,"target":"","type":"custom"},"sensitive_attributes":[],"dependencies":["module.storage-pools.incus_storage_pool.virt_high_io"]}]},{"module":"module.system-containers","mode":"managed","type":"incus_storage_volume","name":"reverse_proxy_data","provider":"provider[\"registry.opentofu.org/lxc/incus\"]","instances":[{"schema_version":0,"attributes":{"config":{},"content_type":"filesystem","description":"","location":"none","name":"reverse_proxy_data","pool":"virt-main","project":"default","remote":null,"source_file":null,"source_volume":null,"target":"","type":"custom"},"sensitive_attributes":[],"dependencies":["module.storage-pools.incus_storage_pool.virt_main"]}]},{"module":"module.system-containers","mode":"managed","type":"incus_storage_volume","name":"security_data","provider":"provider[\"registry.opentofu.org/lxc/incus\"]","instances":[{"schema_version":0,"attributes":{"config":{"size":"50GiB"},"content_type":"filesystem","description":"","location":"none","name":"security_data","pool":"virt-main","project":"default","remote":null,"source_file":null,"source_volume":null,"target":"","type":"custom"},"sensitive_attributes":[],"dependencies":["module.storage-pools.incus_storage_pool.virt_main"]}]},{"module":"module.system-containers","mode":"managed","type":"incus_storage_volume","name":"servarr_cache","provider":"provider[\"registry.opentofu.org/lxc/incus\"]","instances":[{"schema_version":0,"attributes":{"config":{"size":"20GiB"},"content_type":"filesystem","description":"","location":"none","name":"servarr_cache","pool":"virt-high-io","project":"default","remote":null,"source_file":null,"source_volume":null,"target":"","type":"custom"},"sensitive_attributes":[],"dependencies":["module.storage-pools.incus_storage_pool.virt_high_io"]}]},{"module":"module.system-containers","mode":"managed","type":"incus_storage_volume","name":"servarr_data","provider":"provider[\"registry.opentofu.org/lxc/incus\"]","instances":[{"schema_version":0,"attributes":{"config":{"size":"30GiB"},"content_type":"filesystem","description":"","location":"none","name":"servarr_data","pool":"virt-main","project":"default","remote":null,"source_file":null,"source_volume":null,"target":"","type":"custom"},"sensitive_attributes":[],"dependencies":["module.storage-pools.incus_storage_pool.virt_main"]}]},{"module":"module.system-containers","mode":"managed","type":"incus_storage_volume","name":"streaming_data","provider":"provider[\"registry.opentofu.org/lxc/incus\"]","instances":[{"schema_version":0,"attributes":{"config":{},"content_type":"filesystem","description":"","location":"none","name":"streaming_data","pool":"virt-main","project":"default","remote":null,"source_file":null,"source_volume":null,"target":"","type":"custom"},"sensitive_attributes":[],"dependencies":["module.storage-pools.incus_storage_pool.virt_main"]}]},{"module":"module.system-containers","mode":"managed","type":"incus_storage_volume","name":"torrent_data","provider":"provider[\"registry.opentofu.org/lxc/incus\"]","instances":[{"schema_version":0,"attributes":{"config":{},"content_type":"filesystem","description":"","location":"none","name":"torrent_data","pool":"virt-main","project":"default","remote":null,"source_file":null,"source_volume":null,"target":"","type":"custom"},"sensitive_attributes":[],"dependencies":["module.storage-pools.incus_storage_pool.virt_main"]}]}],"check_results":null}
