{"version":4,"terraform_version":"1.9.0","serial":22,"lineage":"9fced42f-c807-d317-eba1-7d021402af1e","outputs":{},"resources":[{"mode":"managed","type":"incus_network","name":"code","provider":"provider[\"registry.opentofu.org/lxc/incus\"]","instances":[{"schema_version":0,"attributes":{"config":{"bridge.mtu":"9000","ipv4.address":"10.0.7.1/24","ipv4.nat":"true"},"description":"","managed":true,"name":"code","project":null,"remote":null,"target":null,"type":"bridge"},"sensitive_attributes":[]}]},{"mode":"managed","type":"incus_network","name":"dns","provider":"provider[\"registry.opentofu.org/lxc/incus\"]","instances":[{"schema_version":0,"attributes":{"config":{"bridge.mtu":"9000","ipv4.address":"10.0.2.1/24","ipv4.nat":"true"},"description":"","managed":true,"name":"dns","project":null,"remote":null,"target":null,"type":"bridge"},"sensitive_attributes":[]}]},{"mode":"managed","type":"incus_network","name":"privileged","provider":"provider[\"registry.opentofu.org/lxc/incus\"]","instances":[{"schema_version":0,"attributes":{"config":{"bridge.mtu":"9000","ipv4.address":"10.0.4.1/24","ipv4.nat":"true"},"description":"","managed":true,"name":"privileged","project":null,"remote":null,"target":null,"type":"bridge"},"sensitive_attributes":[]}]},{"mode":"managed","type":"incus_network","name":"reverse_proxy","provider":"provider[\"registry.opentofu.org/lxc/incus\"]","instances":[{"schema_version":0,"attributes":{"config":{"bridge.mtu":"9000","ipv4.address":"10.0.5.1/24","ipv4.nat":"true"},"description":"","managed":true,"name":"reverse_proxy","project":null,"remote":null,"target":null,"type":"bridge"},"sensitive_attributes":[]}]},{"mode":"managed","type":"incus_network","name":"storage","provider":"provider[\"registry.opentofu.org/lxc/incus\"]","instances":[{"schema_version":0,"attributes":{"config":{"bridge.mtu":"9000","ipv4.address":"10.0.3.1/24","ipv4.nat":"true"},"description":"","managed":true,"name":"storage","project":null,"remote":null,"target":null,"type":"bridge"},"sensitive_attributes":[]}]},{"mode":"managed","type":"incus_network","name":"torrenting","provider":"provider[\"registry.opentofu.org/lxc/incus\"]","instances":[{"schema_version":0,"attributes":{"config":{"bridge.mtu":"9000","ipv4.address":"10.0.6.1/24","ipv4.nat":"true"},"description":"","managed":true,"name":"torrenting","project":null,"remote":null,"target":null,"type":"bridge"},"sensitive_attributes":[]}]},{"mode":"managed","type":"incus_network","name":"trusted","provider":"provider[\"registry.opentofu.org/lxc/incus\"]","instances":[{"schema_version":0,"attributes":{"config":{"bridge.mtu":"9000","ipv4.address":"10.0.0.1/24","ipv4.nat":"true"},"description":"","managed":true,"name":"trusted","project":null,"remote":null,"target":null,"type":"bridge"},"sensitive_attributes":[]}]},{"mode":"managed","type":"incus_network","name":"untrusted","provider":"provider[\"registry.opentofu.org/lxc/incus\"]","instances":[{"schema_version":0,"attributes":{"config":{"bridge.mtu":"9000","ipv4.address":"10.0.8.1/24","ipv4.nat":"true"},"description":"","managed":true,"name":"untrusted","project":null,"remote":null,"target":null,"type":"bridge"},"sensitive_attributes":[]}]},{"mode":"managed","type":"incus_storage_pool","name":"high_io","provider":"provider[\"registry.opentofu.org/lxc/incus\"]","instances":[{"schema_version":0,"attributes":{"config":{},"description":"","driver":"btrfs","name":"high_io","project":null,"remote":null,"target":null},"sensitive_attributes":[]}]},{"mode":"managed","type":"incus_storage_pool","name":"main","provider":"provider[\"registry.opentofu.org/lxc/incus\"]","instances":[{"schema_version":0,"attributes":{"config":{},"description":"","driver":"btrfs","name":"main","project":null,"remote":null,"target":null},"sensitive_attributes":[]}]},{"mode":"managed","type":"incus_storage_volume","name":"code_data","provider":"provider[\"registry.opentofu.org/lxc/incus\"]","instances":[{"schema_version":0,"attributes":{"config":{},"content_type":"filesystem","description":"","location":"none","name":"code_data","pool":"high_io","project":null,"remote":null,"source_volume":null,"target":"","type":"custom"},"sensitive_attributes":[],"dependencies":["incus_storage_pool.high_io"]}]}],"check_results":null}
