{"version":4,"terraform_version":"1.9.0","serial":77,"lineage":"99a7eba8-3b83-55cd-b2e7-03ed9065d23b","outputs":{},"resources":[{"mode":"managed","type":"incus_instance","name":"code","provider":"provider[\"registry.opentofu.org/lxc/incus\"]","instances":[{"schema_version":0,"attributes":{"config":{"boot.autostart":"true","cloud-init.user-data":"#cloud-config\ngroups:\n  - admingroup: [root, sys]\n\nusers:\n  - name: code\n    gecos: Coding Linux System Container\n    shell: /bin/bash\n    homedir: /home/code\n    sudo: ALL=(ALL) NOPASSWD:ALL\n    groups: users\n    lock_passwd: false\n    ssh_authorized_keys:\n      - ssh-ed25519 AAAAC3NzaC1lZDI1NTE5AAAAIK4rK1/vd8pxuk5del7oQzIg5ZGquejzZ8Eu5CwMFN41 mateoestradaramirez@outlook.com\n    passwd: $2b$05$b4A5m5MpFPG0aN5nG1Rtd.mKw1JsBrBaaSd9UvFNtBDiA6gYD/EXa\n  - name: ansible\n    gecos: Ansible Automation Account\n    shell: /bin/bash\n    homedir: /home/ansible\n    sudo: ALL=(ALL) NOPASSWD:ALL\n    groups: users, sys\n    lock_passwd: false\n    ssh_authorized_keys:\n      - ssh-ed25519 AAAAC3NzaC1lZDI1NTE5AAAAIK4rK1/vd8pxuk5del7oQzIg5ZGquejzZ8Eu5CwMFN41 mateoestradaramirez@outlook.com\n    passwd: $y$j9T$W5URNPaERGGWpLrz40I100$9ekfQDOCpy8fFDT2Q5vv0f24etod8CaqRcOo63TImc0\nssh_pwauth: False\npackages:\n  - podman\n  - openssh-server\ntimezone: America/Bogota\nwrite_files:\n  - path: /etc/ssh/sshd_config\n    permissions: \"0600\"\n    content: |\n      Port 22\n      ListenAddress 0.0.0.0\n      PermitRootLogin no\n      PasswordAuthentication no\n      ChallengeResponseAuthentication no\n      UsePAM yes\n      X11Forwarding no\n      PrintMotd no\n      Subsystem\tsftp\t/usr/lib/openssh/sftp-server\n","limits.cpu":"1","limits.memory":"4GiB","limits.memory.swap":"true","limits.memory.swap.priority":"0","security.nesting":"true"},"description":"","device":[{"name":"data","properties":{"path":"/home","pool":"virt-high-io","source":"code_data"},"type":"disk"},{"name":"eth0","properties":{"ipv4.address":"10.0.7.10","mtu":"9000","nictype":"bridged","parent":"code"},"type":"nic"},{"name":"root","properties":{"path":"/","pool":"virt-main"},"type":"disk"}],"ephemeral":false,"file":[],"image":"images:debian/trixie/cloud","ipv4_address":"10.0.7.10","ipv6_address":"fd42:dc32:f137:d800:216:3eff:fed5:53a","mac_address":"00:16:3e:d5:05:3a","name":"code","profiles":["default"],"project":null,"remote":null,"running":true,"source_instance":null,"status":"Running","target":"","type":"container","wait_for_network":true},"sensitive_attributes":[],"dependencies":["incus_network.code","incus_storage_pool.virt-high-io","incus_storage_pool.virt-main","incus_storage_volume.code_data"]}]},{"mode":"managed","type":"incus_instance","name":"dns","provider":"provider[\"registry.opentofu.org/lxc/incus\"]","instances":[{"schema_version":0,"attributes":{"config":{"boot.autostart":"true","cloud-init.user-data":"#cloud-config\ngroups:\n  - admingroup: [root, sys]\n\nusers:\n  - name: dns\n    gecos: DNS Linux System Container\n    shell: /bin/bash\n    homedir: /home/dns\n    sudo: ALL=(ALL) NOPASSWD:ALL\n    groups: users\n    lock_passwd: false\n    ssh_authorized_keys:\n      - ssh-ed25519 AAAAC3NzaC1lZDI1NTE5AAAAIK4rK1/vd8pxuk5del7oQzIg5ZGquejzZ8Eu5CwMFN41 mateoestradaramirez@outlook.com\n    passwd: $2b$05$b4A5m5MpFPG0aN5nG1Rtd.mKw1JsBrBaaSd9UvFNtBDiA6gYD/EXa\n  - name: ansible\n    gecos: Ansible Automation Account\n    shell: /bin/bash\n    homedir: /home/ansible\n    sudo: ALL=(ALL) NOPASSWD:ALL\n    groups: users, sys\n    lock_passwd: false\n    ssh_authorized_keys:\n      - ssh-ed25519 AAAAC3NzaC1lZDI1NTE5AAAAIK4rK1/vd8pxuk5del7oQzIg5ZGquejzZ8Eu5CwMFN41 mateoestradaramirez@outlook.com\n    passwd: $y$j9T$W5URNPaERGGWpLrz40I100$9ekfQDOCpy8fFDT2Q5vv0f24etod8CaqRcOo63TImc0\nssh_pwauth: False\npackages:\n  - podman\n  - openssh-server\ntimezone: America/Bogota\nwrite_files:\n  - path: /etc/ssh/sshd_config\n    permissions: \"0600\"\n    content: |\n      Port 22\n      ListenAddress 0.0.0.0\n      PermitRootLogin no\n      PasswordAuthentication no\n      ChallengeResponseAuthentication no\n      UsePAM yes\n      X11Forwarding no\n      PrintMotd no\n      Subsystem\tsftp\t/usr/lib/openssh/sftp-server\n","limits.cpu":"1","limits.cpu.allowance":"10%","limits.memory":"2GiB","limits.memory.swap":"true","limits.memory.swap.priority":"0","security.nesting":"true"},"description":"","device":[{"name":"data","properties":{"path":"/home","pool":"virt-main","source":"dns_data"},"type":"disk"},{"name":"eth0","properties":{"ipv4.address":"10.0.2.2","mtu":"9000","nictype":"bridged","parent":"dns"},"type":"nic"},{"name":"root","properties":{"path":"/","pool":"virt-main"},"type":"disk"}],"ephemeral":false,"file":[],"image":"images:debian/trixie/cloud","ipv4_address":"10.0.2.2","ipv6_address":"fd42:21ac:8b38:cd9f:216:3eff:fefd:3b67","mac_address":"00:16:3e:fd:3b:67","name":"dns","profiles":["default"],"project":null,"remote":null,"running":true,"source_instance":null,"status":"Running","target":"","type":"container","wait_for_network":true},"sensitive_attributes":[],"dependencies":["incus_network.dns","incus_storage_pool.virt-main","incus_storage_volume.dns_data"]}]},{"mode":"managed","type":"incus_instance","name":"dns_1","provider":"provider[\"registry.opentofu.org/lxc/incus\"]","instances":[{"schema_version":0,"attributes":{"config":{"boot.autostart":"true","cloud-init.user-data":"#cloud-config\ngroups:\n  - admingroup: [root, sys]\n\nusers:\n  - name: dns-1\n    gecos: DNS Linux System Container\n    shell: /bin/bash\n    homedir: /home/dns-1\n    sudo: ALL=(ALL) NOPASSWD:ALL\n    groups: users\n    lock_passwd: false\n    ssh_authorized_keys:\n      - ssh-ed25519 AAAAC3NzaC1lZDI1NTE5AAAAIK4rK1/vd8pxuk5del7oQzIg5ZGquejzZ8Eu5CwMFN41 mateoestradaramirez@outlook.com\n    passwd: $2b$05$b4A5m5MpFPG0aN5nG1Rtd.mKw1JsBrBaaSd9UvFNtBDiA6gYD/EXa\n  - name: ansible\n    gecos: Ansible Automation Account\n    shell: /bin/bash\n    homedir: /home/ansible\n    sudo: ALL=(ALL) NOPASSWD:ALL\n    groups: users, sys\n    lock_passwd: false\n    ssh_authorized_keys:\n      - ssh-ed25519 AAAAC3NzaC1lZDI1NTE5AAAAIK4rK1/vd8pxuk5del7oQzIg5ZGquejzZ8Eu5CwMFN41 mateoestradaramirez@outlook.com\n    passwd: $y$j9T$W5URNPaERGGWpLrz40I100$9ekfQDOCpy8fFDT2Q5vv0f24etod8CaqRcOo63TImc0\nssh_pwauth: False\npackages:\n  - podman\n  - openssh-server\ntimezone: America/Bogota\nwrite_files:\n  - path: /etc/ssh/sshd_config\n    permissions: \"0600\"\n    content: |\n      Port 22\n      ListenAddress 0.0.0.0\n      PermitRootLogin no\n      PasswordAuthentication no\n      ChallengeResponseAuthentication no\n      UsePAM yes\n      X11Forwarding no\n      PrintMotd no\n      Subsystem\tsftp\t/usr/lib/openssh/sftp-server\n","limits.cpu":"1","limits.cpu.allowance":"10%","limits.memory":"2GiB","limits.memory.swap":"true","limits.memory.swap.priority":"0","security.nesting":"true"},"description":"","device":[{"name":"data","properties":{"path":"/home","pool":"virt-main","source":"dns_data_1"},"type":"disk"},{"name":"eth0","properties":{"ipv4.address":"10.0.2.3","mtu":"9000","nictype":"bridged","parent":"dns"},"type":"nic"},{"name":"root","properties":{"path":"/","pool":"virt-main"},"type":"disk"}],"ephemeral":false,"file":[],"image":"images:debian/trixie/cloud","ipv4_address":"10.0.2.3","ipv6_address":"fd42:21ac:8b38:cd9f:216:3eff:fe34:f148","mac_address":"00:16:3e:34:f1:48","name":"dns-1","profiles":["default"],"project":null,"remote":null,"running":true,"source_instance":null,"status":"Running","target":"","type":"container","wait_for_network":true},"sensitive_attributes":[],"dependencies":["incus_network.dns","incus_storage_pool.virt-main","incus_storage_volume.dns_data_1"]}]},{"mode":"managed","type":"incus_instance","name":"exit-node-co","provider":"provider[\"registry.opentofu.org/lxc/incus\"]","instances":[{"schema_version":0,"attributes":{"config":{"boot.autostart":"true","cloud-init.user-data":"#cloud-config\ngroups:\n  - admingroup: [root, sys]\n\nusers:\n  - name: exit-node-co\n    gecos: Exit node with Colombian address\n    shell: /bin/bash\n    homedir: /home/exit-node-co\n    sudo: ALL=(ALL) NOPASSWD:ALL\n    groups: users\n    lock_passwd: false\n    ssh_authorized_keys:\n      - ssh-ed25519 AAAAC3NzaC1lZDI1NTE5AAAAIK4rK1/vd8pxuk5del7oQzIg5ZGquejzZ8Eu5CwMFN41 mateoestradaramirez@outlook.com\n    passwd: $2b$05$b4A5m5MpFPG0aN5nG1Rtd.mKw1JsBrBaaSd9UvFNtBDiA6gYD/EXa\n  - name: ansible\n    gecos: Ansible Automation Account\n    shell: /bin/bash\n    homedir: /home/ansible\n    sudo: ALL=(ALL) NOPASSWD:ALL\n    groups: users, sys\n    lock_passwd: false\n    ssh_authorized_keys:\n      - ssh-ed25519 AAAAC3NzaC1lZDI1NTE5AAAAIK4rK1/vd8pxuk5del7oQzIg5ZGquejzZ8Eu5CwMFN41 mateoestradaramirez@outlook.com\n    passwd: $y$j9T$W5URNPaERGGWpLrz40I100$9ekfQDOCpy8fFDT2Q5vv0f24etod8CaqRcOo63TImc0\nssh_pwauth: False\npackages:\n  - podman\n  - openssh-server\ntimezone: America/Bogota\nwrite_files:\n  - path: /etc/ssh/sshd_config\n    permissions: '0600'\n    content: |\n      Port 22\n      ListenAddress 0.0.0.0\n      PermitRootLogin no\n      PasswordAuthentication no\n      ChallengeResponseAuthentication no\n      UsePAM yes\n      X11Forwarding no\n      PrintMotd no\n      Subsystem\tsftp\t/usr/lib/openssh/sftp-server\n","limits.cpu":"1","limits.cpu.allowance":"10%","limits.memory":"1GiB","limits.memory.swap":"true","limits.memory.swap.priority":"0","security.nesting":"true"},"description":"","device":[{"name":"eth0","properties":{"ipv4.address":"10.0.8.10","mtu":"9000","nictype":"bridged","parent":"untrusted"},"type":"nic"},{"name":"root","properties":{"path":"/","pool":"virt-main"},"type":"disk"}],"ephemeral":false,"file":[],"image":"images:debian/trixie/cloud","ipv4_address":"10.0.8.10","ipv6_address":"fd42:2487:9205:e0cc:216:3eff:fece:94c1","mac_address":"00:16:3e:ce:94:c1","name":"exit-node-co","profiles":["default"],"project":null,"remote":null,"running":true,"source_instance":null,"status":"Running","target":"","type":"container","wait_for_network":true},"sensitive_attributes":[],"dependencies":["incus_network.untrusted","incus_storage_pool.virt-main"]}]},{"mode":"managed","type":"incus_instance","name":"game-server","provider":"provider[\"registry.opentofu.org/lxc/incus\"]","instances":[{"schema_version":0,"attributes":{"config":{"boot.autostart":"true","cloud-init.user-data":"#cloud-config\ngroups:\n  - admingroup: [root, sys]\n\nusers:\n  - name: game-server\n    gecos: Game server user\n    shell: /bin/bash\n    homedir: /home/game-server\n    sudo: ALL=(ALL) NOPASSWD:ALL\n    groups: users\n    lock_passwd: false\n    ssh_authorized_keys:\n      - ssh-ed25519 AAAAC3NzaC1lZDI1NTE5AAAAIK4rK1/vd8pxuk5del7oQzIg5ZGquejzZ8Eu5CwMFN41 mateoestradaramirez@outlook.com\n    passwd: $2b$05$b4A5m5MpFPG0aN5nG1Rtd.mKw1JsBrBaaSd9UvFNtBDiA6gYD/EXa\n  - name: ansible\n    gecos: Ansible Automation Account\n    shell: /bin/bash\n    homedir: /home/ansible\n    sudo: ALL=(ALL) NOPASSWD:ALL\n    groups: users, sys\n    lock_passwd: false\n    ssh_authorized_keys:\n      - ssh-ed25519 AAAAC3NzaC1lZDI1NTE5AAAAIK4rK1/vd8pxuk5del7oQzIg5ZGquejzZ8Eu5CwMFN41 mateoestradaramirez@outlook.com\n    passwd: $y$j9T$W5URNPaERGGWpLrz40I100$9ekfQDOCpy8fFDT2Q5vv0f24etod8CaqRcOo63TImc0\nssh_pwauth: False\npackages:\n  - podman\n  - openssh-server\ntimezone: America/Bogota\nwrite_files:\n  - path: /etc/ssh/sshd_config\n    permissions: '0600'\n    content: |\n      Port 22\n      ListenAddress 0.0.0.0\n      PermitRootLogin no\n      PasswordAuthentication no\n      ChallengeResponseAuthentication no\n      UsePAM yes\n      X11Forwarding no\n      PrintMotd no\n      Subsystem\tsftp\t/usr/lib/openssh/sftp-server\n","limits.cpu":"2","limits.memory":"8GiB","limits.memory.swap":"true","limits.memory.swap.priority":"0","security.nesting":"true"},"description":"","device":[{"name":"data","properties":{"path":"/home","pool":"virt-high-io","source":"game-server"},"type":"disk"},{"name":"eth0","properties":{"ipv4.address":"10.0.8.11","mtu":"9000","nictype":"bridged","parent":"untrusted"},"type":"nic"},{"name":"root","properties":{"path":"/","pool":"virt-main"},"type":"disk"}],"ephemeral":false,"file":[],"image":"images:debian/trixie/cloud","ipv4_address":"10.0.8.11","ipv6_address":"fd42:2487:9205:e0cc:216:3eff:fe88:5be3","mac_address":"00:16:3e:88:5b:e3","name":"game-server","profiles":["default"],"project":null,"remote":null,"running":true,"source_instance":null,"status":"Running","target":"","type":"container","wait_for_network":true},"sensitive_attributes":[],"dependencies":["incus_network.untrusted","incus_storage_pool.virt-high-io","incus_storage_pool.virt-main","incus_storage_volume.game-server-data"]}]},{"mode":"managed","type":"incus_instance","name":"knowledge","provider":"provider[\"registry.opentofu.org/lxc/incus\"]","instances":[{"schema_version":0,"attributes":{"config":{"boot.autostart":"true","cloud-init.user-data":"#cloud-config\ngroups:\n  - admingroup: [root, sys]\n\nusers:\n  - name: knowledge\n    gecos: Knowledge Linux System Container\n    shell: /bin/bash\n    homedir: /home/knowledge\n    sudo: ALL=(ALL) NOPASSWD:ALL\n    groups: users\n    lock_passwd: false\n    ssh_authorized_keys:\n      - ssh-ed25519 AAAAC3NzaC1lZDI1NTE5AAAAIK4rK1/vd8pxuk5del7oQzIg5ZGquejzZ8Eu5CwMFN41 mateoestradaramirez@outlook.com\n    passwd: $2b$05$b4A5m5MpFPG0aN5nG1Rtd.mKw1JsBrBaaSd9UvFNtBDiA6gYD/EXa\n  - name: ansible\n    gecos: Ansible Automation Account\n    shell: /bin/bash\n    homedir: /home/ansible\n    sudo: ALL=(ALL) NOPASSWD:ALL\n    groups: users, sys\n    lock_passwd: false\n    ssh_authorized_keys:\n      - ssh-ed25519 AAAAC3NzaC1lZDI1NTE5AAAAIK4rK1/vd8pxuk5del7oQzIg5ZGquejzZ8Eu5CwMFN41 mateoestradaramirez@outlook.com\n    passwd: $y$j9T$W5URNPaERGGWpLrz40I100$9ekfQDOCpy8fFDT2Q5vv0f24etod8CaqRcOo63TImc0\nssh_pwauth: False\npackages:\n  - podman\n  - openssh-server\ntimezone: America/Bogota\nwrite_files:\n  - path: /etc/ssh/sshd_config\n    permissions: \"0600\"\n    content: |\n      Port 22\n      ListenAddress 0.0.0.0\n      PermitRootLogin no\n      PasswordAuthentication no\n      ChallengeResponseAuthentication no\n      UsePAM yes\n      X11Forwarding no\n      PrintMotd no\n      Subsystem\tsftp\t/usr/lib/openssh/sftp-server\n","limits.cpu":"1","limits.cpu.allowance":"10%","limits.memory":"2GiB","limits.memory.swap":"true","limits.memory.swap.priority":"0","security.nesting":"true"},"description":"","device":[{"name":"data","properties":{"path":"/home","pool":"virt-high-io","source":"knowledge_data"},"type":"disk"},{"name":"eth0","properties":{"ipv4.address":"10.0.0.10","mtu":"9000","nictype":"bridged","parent":"trusted"},"type":"nic"},{"name":"root","properties":{"path":"/","pool":"virt-main"},"type":"disk"}],"ephemeral":false,"file":[],"image":"images:debian/trixie/cloud","ipv4_address":"10.0.0.10","ipv6_address":"fd42:46e9:a99a:7d77:216:3eff:fefb:513a","mac_address":"00:16:3e:fb:51:3a","name":"knowledge","profiles":["default"],"project":null,"remote":null,"running":true,"source_instance":null,"status":"Running","target":"","type":"container","wait_for_network":true},"sensitive_attributes":[],"dependencies":["incus_network.trusted","incus_storage_pool.virt-high-io","incus_storage_pool.virt-main","incus_storage_volume.knowledge_data"]}]},{"mode":"managed","type":"incus_instance","name":"reverse_proxy","provider":"provider[\"registry.opentofu.org/lxc/incus\"]","instances":[{"schema_version":0,"attributes":{"config":{"boot.autostart":"true","cloud-init.user-data":"#cloud-config\ngroups:\n  - admingroup: [root, sys]\n\nusers:\n  - name: reverse-proxy\n    gecos: Reverse Proxy Linux System Container\n    shell: /bin/bash\n    homedir: /home/reverse-proxy\n    sudo: ALL=(ALL) NOPASSWD:ALL\n    groups: users\n    lock_passwd: false\n    ssh_authorized_keys:\n      - ssh-ed25519 AAAAC3NzaC1lZDI1NTE5AAAAIK4rK1/vd8pxuk5del7oQzIg5ZGquejzZ8Eu5CwMFN41 mateoestradaramirez@outlook.com\n    passwd: $2b$05$b4A5m5MpFPG0aN5nG1Rtd.mKw1JsBrBaaSd9UvFNtBDiA6gYD/EXa\n  - name: ansible\n    gecos: Ansible Automation Account\n    shell: /bin/bash\n    homedir: /home/ansible\n    sudo: ALL=(ALL) NOPASSWD:ALL\n    groups: users, sys\n    lock_passwd: false\n    ssh_authorized_keys:\n      - ssh-ed25519 AAAAC3NzaC1lZDI1NTE5AAAAIK4rK1/vd8pxuk5del7oQzIg5ZGquejzZ8Eu5CwMFN41 mateoestradaramirez@outlook.com\n    passwd: $y$j9T$W5URNPaERGGWpLrz40I100$9ekfQDOCpy8fFDT2Q5vv0f24etod8CaqRcOo63TImc0\nssh_pwauth: False\npackages:\n  - podman\n  - openssh-server\ntimezone: America/Bogota\nwrite_files:\n  - path: /etc/ssh/sshd_config\n    permissions: \"0600\"\n    content: |\n      Port 22\n      ListenAddress 0.0.0.0\n      PermitRootLogin no\n      PasswordAuthentication no\n      ChallengeResponseAuthentication no\n      UsePAM yes\n      X11Forwarding no\n      PrintMotd no\n      Subsystem\tsftp\t/usr/lib/openssh/sftp-server\n","limits.cpu":"1","limits.memory":"1GiB","limits.memory.swap":"true","limits.memory.swap.priority":"0","security.nesting":"true"},"description":"","device":[{"name":"data","properties":{"path":"/home","pool":"virt-main","source":"reverse_proxy_data"},"type":"disk"},{"name":"eth0","properties":{"ipv4.address":"10.0.5.10","mtu":"9000","nictype":"bridged","parent":"reverse_proxy"},"type":"nic"},{"name":"root","properties":{"path":"/","pool":"virt-main"},"type":"disk"}],"ephemeral":false,"file":[],"image":"images:debian/trixie/cloud","ipv4_address":"10.0.5.10","ipv6_address":"fd42:35d2:eba3:44e8:216:3eff:feab:68b4","mac_address":"00:16:3e:ab:68:b4","name":"reverse-proxy","profiles":["default"],"project":null,"remote":null,"running":true,"source_instance":null,"status":"Running","target":"","type":"container","wait_for_network":true},"sensitive_attributes":[],"dependencies":["incus_network.reverse_proxy","incus_storage_pool.virt-main","incus_storage_volume.reverse_proxy_data"]}]},{"mode":"managed","type":"incus_instance","name":"security","provider":"provider[\"registry.opentofu.org/lxc/incus\"]","instances":[{"schema_version":0,"attributes":{"config":{"boot.autostart":"true","cloud-init.user-data":"#cloud-config\ngroups:\n  - admingroup: [root, sys]\n\nusers:\n  - name: security\n    gecos: Security Linux System Container\n    shell: /bin/bash\n    homedir: /home/security\n    sudo: ALL=(ALL) NOPASSWD:ALL\n    groups: users\n    lock_passwd: false\n    ssh_authorized_keys:\n      - ssh-ed25519 AAAAC3NzaC1lZDI1NTE5AAAAIK4rK1/vd8pxuk5del7oQzIg5ZGquejzZ8Eu5CwMFN41 mateoestradaramirez@outlook.com\n    passwd: $2b$05$b4A5m5MpFPG0aN5nG1Rtd.mKw1JsBrBaaSd9UvFNtBDiA6gYD/EXa\n  - name: ansible\n    gecos: Ansible Automation Account\n    shell: /bin/bash\n    homedir: /home/ansible\n    sudo: ALL=(ALL) NOPASSWD:ALL\n    groups: users, sys\n    lock_passwd: false\n    ssh_authorized_keys:\n      - ssh-ed25519 AAAAC3NzaC1lZDI1NTE5AAAAIK4rK1/vd8pxuk5del7oQzIg5ZGquejzZ8Eu5CwMFN41 mateoestradaramirez@outlook.com\n    passwd: $y$j9T$W5URNPaERGGWpLrz40I100$9ekfQDOCpy8fFDT2Q5vv0f24etod8CaqRcOo63TImc0\nssh_pwauth: False\npackages:\n  - podman\n  - openssh-server\ntimezone: America/Bogota\nwrite_files:\n  - path: /etc/ssh/sshd_config\n    permissions: \"0600\"\n    content: |\n      Port 22\n      ListenAddress 0.0.0.0\n      PermitRootLogin no\n      PasswordAuthentication no\n      ChallengeResponseAuthentication no\n      UsePAM yes\n      X11Forwarding no\n      PrintMotd no\n      Subsystem\tsftp\t/usr/lib/openssh/sftp-server\n","limits.cpu":"1","limits.cpu.allowance":"50%","limits.memory":"8GiB","limits.memory.swap":"true","limits.memory.swap.priority":"0","security.nesting":"true"},"description":"","device":[{"name":"data","properties":{"path":"/home","pool":"virt-main","source":"security_data"},"type":"disk"},{"name":"eth0","properties":{"ipv4.address":"10.0.0.11","mtu":"9000","nictype":"bridged","parent":"trusted"},"type":"nic"},{"name":"root","properties":{"path":"/","pool":"virt-main"},"type":"disk"}],"ephemeral":false,"file":[],"image":"images:debian/trixie/cloud","ipv4_address":"10.0.0.11","ipv6_address":"fd42:46e9:a99a:7d77:216:3eff:feaa:a6cd","mac_address":"00:16:3e:aa:a6:cd","name":"security","profiles":["default"],"project":null,"remote":null,"running":true,"source_instance":null,"status":"Running","target":"","type":"container","wait_for_network":true},"sensitive_attributes":[],"dependencies":["incus_network.trusted","incus_storage_pool.virt-main","incus_storage_volume.security_data"]}]},{"mode":"managed","type":"incus_instance","name":"servarr","provider":"provider[\"registry.opentofu.org/lxc/incus\"]","instances":[{"schema_version":0,"attributes":{"config":{"boot.autostart":"true","cloud-init.user-data":"#cloud-config\ngroups:\n  - admingroup: [root, sys]\n\nusers:\n  - name: servarr\n    gecos: Servarr Linux System Container\n    shell: /bin/bash\n    homedir: /home/servarr\n    sudo: ALL=(ALL) NOPASSWD:ALL\n    groups: users\n    lock_passwd: false\n    ssh_authorized_keys:\n      - ssh-ed25519 AAAAC3NzaC1lZDI1NTE5AAAAIK4rK1/vd8pxuk5del7oQzIg5ZGquejzZ8Eu5CwMFN41 mateoestradaramirez@outlook.com\n    passwd: $2b$05$b4A5m5MpFPG0aN5nG1Rtd.mKw1JsBrBaaSd9UvFNtBDiA6gYD/EXa\n  - name: ansible\n    gecos: Ansible Automation Account\n    shell: /bin/bash\n    homedir: /home/ansible\n    sudo: ALL=(ALL) NOPASSWD:ALL\n    groups: users, sys\n    lock_passwd: false\n    ssh_authorized_keys:\n      - ssh-ed25519 AAAAC3NzaC1lZDI1NTE5AAAAIK4rK1/vd8pxuk5del7oQzIg5ZGquejzZ8Eu5CwMFN41 mateoestradaramirez@outlook.com\n    passwd: $y$j9T$W5URNPaERGGWpLrz40I100$9ekfQDOCpy8fFDT2Q5vv0f24etod8CaqRcOo63TImc0\nruncmd:\n  - []\nssh_pwauth: False\npackages:\n  - podman\n  - openssh-server\ntimezone: America/Bogota\nwrite_files:\n  - path: /etc/ssh/sshd_config\n    permissions: \"0600\"\n    content: |\n      Port 22\n      ListenAddress 0.0.0.0\n      PermitRootLogin no\n      PasswordAuthentication no\n      ChallengeResponseAuthentication no\n      UsePAM yes\n      X11Forwarding no\n      PrintMotd no\n      Subsystem\tsftp\t/usr/lib/openssh/sftp-server\n","limits.cpu":"1","limits.memory":"8GiB","limits.memory.swap":"true","limits.memory.swap.priority":"0","security.nesting":"true"},"description":"","device":[{"name":"cache","properties":{"path":"/tmp/servarr-cache","pool":"virt-high-io","source":"servarr_cache"},"type":"disk"},{"name":"data","properties":{"path":"/home","pool":"virt-main","source":"servarr_data"},"type":"disk"},{"name":"downloads","properties":{"path":"/downloads","pool":"virt-spin-usb","source":"downloads"},"type":"disk"},{"name":"eth0","properties":{"ipv4.address":"10.0.0.12","mtu":"9000","nictype":"bridged","parent":"trusted"},"type":"nic"},{"name":"music","properties":{"path":"/music","pool":"virt-spin-usb","source":"music"},"type":"disk"},{"name":"root","properties":{"path":"/","pool":"virt-main"},"type":"disk"}],"ephemeral":false,"file":[],"image":"images:debian/trixie/cloud","ipv4_address":"10.0.0.12","ipv6_address":"fd42:46e9:a99a:7d77:216:3eff:fe0b:a9c9","mac_address":"00:16:3e:0b:a9:c9","name":"servarr","profiles":["default"],"project":null,"remote":null,"running":true,"source_instance":null,"status":"Running","target":"","type":"container","wait_for_network":true},"sensitive_attributes":[],"dependencies":["incus_network.trusted","incus_storage_pool.virt-high-io","incus_storage_pool.virt-main","incus_storage_pool.virt-spin-usb","incus_storage_volume.downloads","incus_storage_volume.music","incus_storage_volume.servarr_cache","incus_storage_volume.servarr_data"]}]},{"mode":"managed","type":"incus_instance","name":"streaming","provider":"provider[\"registry.opentofu.org/lxc/incus\"]","instances":[{"schema_version":0,"attributes":{"config":{"boot.autostart":"true","cloud-init.user-data":"#cloud-config\ngroups:\n  - admingroup: [root, sys]\n\nusers:\n  - name: streaming\n    gecos: Streaming Linux System Container\n    shell: /bin/bash\n    homedir: /home/streaming\n    sudo: ALL=(ALL) NOPASSWD:ALL\n    groups: users\n    lock_passwd: false\n    ssh_authorized_keys:\n      - ssh-ed25519 AAAAC3NzaC1lZDI1NTE5AAAAIK4rK1/vd8pxuk5del7oQzIg5ZGquejzZ8Eu5CwMFN41 mateoestradaramirez@outlook.com\n    passwd: $2b$05$b4A5m5MpFPG0aN5nG1Rtd.mKw1JsBrBaaSd9UvFNtBDiA6gYD/EXa\n  - name: ansible\n    gecos: Ansible Automation Account\n    shell: /bin/bash\n    homedir: /home/ansible\n    sudo: ALL=(ALL) NOPASSWD:ALL\n    groups: users, sys\n    lock_passwd: false\n    ssh_authorized_keys:\n      - ssh-ed25519 AAAAC3NzaC1lZDI1NTE5AAAAIK4rK1/vd8pxuk5del7oQzIg5ZGquejzZ8Eu5CwMFN41 mateoestradaramirez@outlook.com\n    passwd: $y$j9T$W5URNPaERGGWpLrz40I100$9ekfQDOCpy8fFDT2Q5vv0f24etod8CaqRcOo63TImc0\nruncmd:\n  - []\nssh_pwauth: False\npackages:\n  - podman\n  - openssh-server\ntimezone: America/Bogota\nwrite_files:\n  - path: /etc/ssh/sshd_config\n    permissions: \"0600\"\n    content: |\n      Port 22\n      ListenAddress 0.0.0.0\n      PermitRootLogin no\n      PasswordAuthentication no\n      ChallengeResponseAuthentication no\n      UsePAM yes\n      X11Forwarding no\n      PrintMotd no\n      Subsystem\tsftp\t/usr/lib/openssh/sftp-server\n","limits.cpu":"1","limits.cpu.allowance":"20%","limits.memory":"1GiB","limits.memory.swap":"true","limits.memory.swap.priority":"0","security.nesting":"true"},"description":"","device":[{"name":"data","properties":{"path":"/home","pool":"virt-main","source":"streaming_data"},"type":"disk"},{"name":"eth0","properties":{"ipv4.address":"10.0.0.13","mtu":"9000","nictype":"bridged","parent":"trusted"},"type":"nic"},{"name":"music","properties":{"path":"/music","pool":"virt-spin-usb","source":"music"},"type":"disk"},{"name":"root","properties":{"path":"/","pool":"virt-main"},"type":"disk"}],"ephemeral":false,"file":[],"image":"images:debian/trixie/cloud","ipv4_address":"10.0.0.13","ipv6_address":"fd42:46e9:a99a:7d77:216:3eff:febb:48c4","mac_address":"00:16:3e:bb:48:c4","name":"streaming","profiles":["default"],"project":null,"remote":null,"running":true,"source_instance":null,"status":"Running","target":"","type":"container","wait_for_network":true},"sensitive_attributes":[],"dependencies":["incus_network.trusted","incus_storage_pool.virt-main","incus_storage_pool.virt-spin-usb","incus_storage_volume.music","incus_storage_volume.streaming_data"]}]},{"mode":"managed","type":"incus_instance","name":"torrent","provider":"provider[\"registry.opentofu.org/lxc/incus\"]","instances":[{"schema_version":0,"attributes":{"config":{"boot.autostart":"true","cloud-init.user-data":"#cloud-config\ngroups:\n  - admingroup: [root, sys]\n\nusers:\n  - name: torrent\n    gecos: Torrent Linux System Container\n    shell: /bin/bash\n    homedir: /home/torrent\n    sudo: ALL=(ALL) NOPASSWD:ALL\n    groups: users\n    lock_passwd: false\n    ssh_authorized_keys:\n      - ssh-ed25519 AAAAC3NzaC1lZDI1NTE5AAAAIK4rK1/vd8pxuk5del7oQzIg5ZGquejzZ8Eu5CwMFN41 mateoestradaramirez@outlook.com\n    passwd: $2b$05$b4A5m5MpFPG0aN5nG1Rtd.mKw1JsBrBaaSd9UvFNtBDiA6gYD/EXa\n  - name: ansible\n    gecos: Ansible Automation Account\n    shell: /bin/bash\n    homedir: /home/ansible\n    sudo: ALL=(ALL) NOPASSWD:ALL\n    groups: users, sys\n    lock_passwd: false\n    ssh_authorized_keys:\n      - ssh-ed25519 AAAAC3NzaC1lZDI1NTE5AAAAIK4rK1/vd8pxuk5del7oQzIg5ZGquejzZ8Eu5CwMFN41 mateoestradaramirez@outlook.com\n    passwd: $y$j9T$W5URNPaERGGWpLrz40I100$9ekfQDOCpy8fFDT2Q5vv0f24etod8CaqRcOo63TImc0\nssh_pwauth: False\npackages:\n  - podman\n  - openssh-server\ntimezone: America/Bogota\nwrite_files:\n  - path: /etc/ssh/sshd_config\n    permissions: \"0600\"\n    content: |\n      Port 22\n      ListenAddress 0.0.0.0\n      PermitRootLogin no\n      PasswordAuthentication no\n      ChallengeResponseAuthentication no\n      UsePAM yes\n      X11Forwarding no\n      PrintMotd no\n      Subsystem\tsftp\t/usr/lib/openssh/sftp-server\n","limits.cpu":"1","limits.cpu.allowance":"10%","limits.memory":"4GiB","limits.memory.swap":"true","limits.memory.swap.priority":"0","security.nesting":"true"},"description":"","device":[{"name":"data","properties":{"path":"/home","pool":"virt-main","source":"torrent_data"},"type":"disk"},{"name":"downloads","properties":{"path":"/downloads","pool":"virt-spin-usb","source":"downloads"},"type":"disk"},{"name":"eth0","properties":{"ipv4.address":"10.0.6.10","mtu":"9000","nictype":"bridged","parent":"torrenting"},"type":"nic"},{"name":"root","properties":{"path":"/","pool":"virt-main"},"type":"disk"}],"ephemeral":false,"file":[],"image":"images:debian/trixie/cloud","ipv4_address":"10.0.6.10","ipv6_address":"fd42:9a7d:f409:4b19:216:3eff:fe73:2190","mac_address":"00:16:3e:73:21:90","name":"torrent","profiles":["default"],"project":null,"remote":null,"running":true,"source_instance":null,"status":"Running","target":"","type":"container","wait_for_network":true},"sensitive_attributes":[],"dependencies":["incus_network.torrenting","incus_storage_pool.virt-main","incus_storage_pool.virt-spin-usb","incus_storage_volume.downloads","incus_storage_volume.torrent_data"]}]},{"mode":"managed","type":"incus_network","name":"code","provider":"provider[\"registry.opentofu.org/lxc/incus\"]","instances":[{"schema_version":0,"attributes":{"config":{"bridge.mtu":"9000","dns.search":"10.0.2.2, 10.0.2.3","ipv4.address":"10.0.7.1/24","ipv4.nat":"true"},"description":"","managed":true,"name":"code","project":null,"remote":null,"target":null,"type":"bridge"},"sensitive_attributes":[]}]},{"mode":"managed","type":"incus_network","name":"dns","provider":"provider[\"registry.opentofu.org/lxc/incus\"]","instances":[{"schema_version":0,"attributes":{"config":{"bridge.mtu":"9000","ipv4.address":"10.0.2.1/24","ipv4.nat":"true"},"description":"","managed":true,"name":"dns","project":null,"remote":null,"target":null,"type":"bridge"},"sensitive_attributes":[]}]},{"mode":"managed","type":"incus_network","name":"privileged","provider":"provider[\"registry.opentofu.org/lxc/incus\"]","instances":[{"schema_version":0,"attributes":{"config":{"bridge.mtu":"9000","dns.search":"10.0.2.2, 10.0.2.3","ipv4.address":"10.0.4.1/24","ipv4.nat":"true"},"description":"","managed":true,"name":"privileged","project":null,"remote":null,"target":null,"type":"bridge"},"sensitive_attributes":[]}]},{"mode":"managed","type":"incus_network","name":"reverse_proxy","provider":"provider[\"registry.opentofu.org/lxc/incus\"]","instances":[{"schema_version":0,"attributes":{"config":{"bridge.mtu":"9000","dns.search":"10.0.2.2, 10.0.2.3","ipv4.address":"10.0.5.1/24","ipv4.nat":"true"},"description":"","managed":true,"name":"reverse_proxy","project":null,"remote":null,"target":null,"type":"bridge"},"sensitive_attributes":[]}]},{"mode":"managed","type":"incus_network","name":"storage","provider":"provider[\"registry.opentofu.org/lxc/incus\"]","instances":[{"schema_version":0,"attributes":{"config":{"bridge.mtu":"9000","dns.search":"10.0.2.2, 10.0.2.3","ipv4.address":"10.0.3.1/24","ipv4.nat":"true"},"description":"","managed":true,"name":"storage","project":null,"remote":null,"target":null,"type":"bridge"},"sensitive_attributes":[]}]},{"mode":"managed","type":"incus_network","name":"torrenting","provider":"provider[\"registry.opentofu.org/lxc/incus\"]","instances":[{"schema_version":0,"attributes":{"config":{"bridge.mtu":"9000","dns.search":"10.0.2.2, 10.0.2.3","ipv4.address":"10.0.6.1/24","ipv4.nat":"true"},"description":"","managed":true,"name":"torrenting","project":null,"remote":null,"target":null,"type":"bridge"},"sensitive_attributes":[]}]},{"mode":"managed","type":"incus_network","name":"trusted","provider":"provider[\"registry.opentofu.org/lxc/incus\"]","instances":[{"schema_version":0,"attributes":{"config":{"bridge.mtu":"9000","dns.search":"10.0.2.2, 10.0.2.3","ipv4.address":"10.0.0.1/24","ipv4.nat":"true"},"description":"","managed":true,"name":"trusted","project":null,"remote":null,"target":null,"type":"bridge"},"sensitive_attributes":[]}]},{"mode":"managed","type":"incus_network","name":"untrusted","provider":"provider[\"registry.opentofu.org/lxc/incus\"]","instances":[{"schema_version":0,"attributes":{"config":{"bridge.mtu":"9000","dns.search":"10.0.2.2, 10.0.2.3","ipv4.address":"10.0.8.1/24","ipv4.nat":"true"},"description":"","managed":true,"name":"untrusted","project":null,"remote":null,"target":null,"type":"bridge"},"sensitive_attributes":[]}]},{"mode":"managed","type":"incus_storage_pool","name":"virt-high-io","provider":"provider[\"registry.opentofu.org/lxc/incus\"]","instances":[{"schema_version":0,"attributes":{"config":{},"description":"","driver":"lvm","name":"virt-high-io","project":null,"remote":null,"target":null},"sensitive_attributes":[]}]},{"mode":"managed","type":"incus_storage_pool","name":"virt-main","provider":"provider[\"registry.opentofu.org/lxc/incus\"]","instances":[{"schema_version":0,"attributes":{"config":{},"description":"","driver":"lvm","name":"virt-main","project":null,"remote":null,"target":null},"sensitive_attributes":[]}]},{"mode":"managed","type":"incus_storage_pool","name":"virt-spin-usb","provider":"provider[\"registry.opentofu.org/lxc/incus\"]","instances":[{"schema_version":0,"attributes":{"config":{},"description":"","driver":"lvm","name":"virt-spin-usb","project":null,"remote":null,"target":null},"sensitive_attributes":[]}]},{"mode":"managed","type":"incus_storage_volume","name":"code_data","provider":"provider[\"registry.opentofu.org/lxc/incus\"]","instances":[{"schema_version":0,"attributes":{"config":{"size":"40GiB"},"content_type":"filesystem","description":"","location":"none","name":"code_data","pool":"virt-high-io","project":null,"remote":null,"source_volume":null,"target":"","type":"custom"},"sensitive_attributes":[],"dependencies":["incus_storage_pool.virt-high-io"]}]},{"mode":"managed","type":"incus_storage_volume","name":"dns_data","provider":"provider[\"registry.opentofu.org/lxc/incus\"]","instances":[{"schema_version":0,"attributes":{"config":{},"content_type":"filesystem","description":"","location":"none","name":"dns_data","pool":"virt-main","project":null,"remote":null,"source_volume":null,"target":"","type":"custom"},"sensitive_attributes":[],"dependencies":["incus_storage_pool.virt-main"]}]},{"mode":"managed","type":"incus_storage_volume","name":"dns_data_1","provider":"provider[\"registry.opentofu.org/lxc/incus\"]","instances":[{"schema_version":0,"attributes":{"config":{},"content_type":"filesystem","description":"","location":"none","name":"dns_data_1","pool":"virt-main","project":null,"remote":null,"source_volume":null,"target":"","type":"custom"},"sensitive_attributes":[],"dependencies":["incus_storage_pool.virt-main"]}]},{"mode":"managed","type":"incus_storage_volume","name":"downloads","provider":"provider[\"registry.opentofu.org/lxc/incus\"]","instances":[{"schema_version":0,"attributes":{"config":{"size":"200GiB"},"content_type":"filesystem","description":"","location":"none","name":"downloads","pool":"virt-spin-usb","project":null,"remote":null,"source_volume":null,"target":"","type":"custom"},"sensitive_attributes":[],"dependencies":["incus_storage_pool.virt-spin-usb"]}]},{"mode":"managed","type":"incus_storage_volume","name":"game-server-data","provider":"provider[\"registry.opentofu.org/lxc/incus\"]","instances":[{"schema_version":0,"attributes":{"config":{},"content_type":"filesystem","description":"","location":"none","name":"game-server","pool":"virt-high-io","project":null,"remote":null,"source_volume":null,"target":"","type":"custom"},"sensitive_attributes":[],"dependencies":["incus_storage_pool.virt-high-io"]}]},{"mode":"managed","type":"incus_storage_volume","name":"knowledge_data","provider":"provider[\"registry.opentofu.org/lxc/incus\"]","instances":[{"schema_version":0,"attributes":{"config":{},"content_type":"filesystem","description":"","location":"none","name":"knowledge_data","pool":"virt-high-io","project":null,"remote":null,"source_volume":null,"target":"","type":"custom"},"sensitive_attributes":[],"dependencies":["incus_storage_pool.virt-high-io"]}]},{"mode":"managed","type":"incus_storage_volume","name":"music","provider":"provider[\"registry.opentofu.org/lxc/incus\"]","instances":[{"schema_version":0,"attributes":{"config":{"size":"700GiB"},"content_type":"filesystem","description":"","location":"none","name":"music","pool":"virt-spin-usb","project":null,"remote":null,"source_volume":null,"target":"","type":"custom"},"sensitive_attributes":[],"dependencies":["incus_storage_pool.virt-spin-usb"]}]},{"mode":"managed","type":"incus_storage_volume","name":"reverse_proxy_data","provider":"provider[\"registry.opentofu.org/lxc/incus\"]","instances":[{"schema_version":0,"attributes":{"config":{},"content_type":"filesystem","description":"","location":"none","name":"reverse_proxy_data","pool":"virt-main","project":null,"remote":null,"source_volume":null,"target":"","type":"custom"},"sensitive_attributes":[],"dependencies":["incus_storage_pool.virt-main"]}]},{"mode":"managed","type":"incus_storage_volume","name":"security_data","provider":"provider[\"registry.opentofu.org/lxc/incus\"]","instances":[{"schema_version":0,"attributes":{"config":{"size":"50GiB"},"content_type":"filesystem","description":"","location":"none","name":"security_data","pool":"virt-main","project":null,"remote":null,"source_volume":null,"target":"","type":"custom"},"sensitive_attributes":[],"dependencies":["incus_storage_pool.virt-main"]}]},{"mode":"managed","type":"incus_storage_volume","name":"servarr_cache","provider":"provider[\"registry.opentofu.org/lxc/incus\"]","instances":[{"schema_version":0,"attributes":{"config":{"size":"20GiB"},"content_type":"filesystem","description":"","location":"none","name":"servarr_cache","pool":"virt-high-io","project":null,"remote":null,"source_volume":null,"target":"","type":"custom"},"sensitive_attributes":[],"dependencies":["incus_storage_pool.virt-high-io"]}]},{"mode":"managed","type":"incus_storage_volume","name":"servarr_data","provider":"provider[\"registry.opentofu.org/lxc/incus\"]","instances":[{"schema_version":0,"attributes":{"config":{"size":"30GiB"},"content_type":"filesystem","description":"","location":"none","name":"servarr_data","pool":"virt-main","project":null,"remote":null,"source_volume":null,"target":"","type":"custom"},"sensitive_attributes":[],"dependencies":["incus_storage_pool.virt-main"]}]},{"mode":"managed","type":"incus_storage_volume","name":"streaming_data","provider":"provider[\"registry.opentofu.org/lxc/incus\"]","instances":[{"schema_version":0,"attributes":{"config":{},"content_type":"filesystem","description":"","location":"none","name":"streaming_data","pool":"virt-main","project":null,"remote":null,"source_volume":null,"target":"","type":"custom"},"sensitive_attributes":[],"dependencies":["incus_storage_pool.virt-main"]}]},{"mode":"managed","type":"incus_storage_volume","name":"torrent_data","provider":"provider[\"registry.opentofu.org/lxc/incus\"]","instances":[{"schema_version":0,"attributes":{"config":{},"content_type":"filesystem","description":"","location":"none","name":"torrent_data","pool":"virt-main","project":null,"remote":null,"source_volume":null,"target":"","type":"custom"},"sensitive_attributes":[],"dependencies":["incus_storage_pool.virt-main"]}]}],"check_results":null}
